// !$*UTF8*$!
{
	archiveVersion = 1;
	classes = {
	};
	objectVersion = 46;
	objects = {

/* Begin PBXBuildFile section */
		1E184AEB1B258F90000F337C /* ThursdayProgramTableViewController.m in Sources */ = {isa = PBXBuildFile; fileRef = 1E184AEA1B258F90000F337C /* ThursdayProgramTableViewController.m */; };
		1E184B251B25D0A4000F337C /* Adam Holmes and The Embers.png in Resources */ = {isa = PBXBuildFile; fileRef = 1E184AEC1B25D0A3000F337C /* Adam Holmes and The Embers.png */; };
		1E184B261B25D0A4000F337C /* Allan Taylor.png in Resources */ = {isa = PBXBuildFile; fileRef = 1E184AED1B25D0A3000F337C /* Allan Taylor.png */; };
		1E184B271B25D0A4000F337C /* Band Battle New Orleans Style.png in Resources */ = {isa = PBXBuildFile; fileRef = 1E184AEE1B25D0A3000F337C /* Band Battle New Orleans Style.png */; };
		1E184B281B25D0A4000F337C /* Bellowhead.png in Resources */ = {isa = PBXBuildFile; fileRef = 1E184AEF1B25D0A3000F337C /* Bellowhead.png */; };
		1E184B291B25D0A4000F337C /* Chris Smither.png in Resources */ = {isa = PBXBuildFile; fileRef = 1E184AF01B25D0A3000F337C /* Chris Smither.png */; };
		1E184B2A1B25D0A4000F337C /* Danú.png in Resources */ = {isa = PBXBuildFile; fileRef = 1E184AF11B25D0A3000F337C /* Danú.png */; };
		1E184B2B1B25D0A4000F337C /* Dreamers' Circus & The Danish String Quartet.png in Resources */ = {isa = PBXBuildFile; fileRef = 1E184AF21B25D0A3000F337C /* Dreamers' Circus & The Danish String Quartet.png */; };
		1E184B2C1B25D0A4000F337C /* Eleanor Shanley.png in Resources */ = {isa = PBXBuildFile; fileRef = 1E184AF31B25D0A3000F337C /* Eleanor Shanley.png */; };
		1E184B2D1B25D0A4000F337C /* Fanø:Cape Breton Night.png in Resources */ = {isa = PBXBuildFile; fileRef = 1E184AF41B25D0A3000F337C /* Fanø:Cape Breton Night.png */; };
		1E184B2E1B25D0A4000F337C /* Fara.png in Resources */ = {isa = PBXBuildFile; fileRef = 1E184AF51B25D0A3000F337C /* Fara.png */; };
		1E184B2F1B25D0A4000F337C /* folkBALTICA Ensemble.png in Resources */ = {isa = PBXBuildFile; fileRef = 1E184AF61B25D0A3000F337C /* folkBALTICA Ensemble.png */; };
		1E184B301B25D0A4000F337C /* Folkeklubben.png in Resources */ = {isa = PBXBuildFile; fileRef = 1E184AF71B25D0A3000F337C /* Folkeklubben.png */; };
		1E184B311B25D0A4000F337C /* FolkSpot.png in Resources */ = {isa = PBXBuildFile; fileRef = 1E184AF81B25D0A3000F337C /* FolkSpot.png */; };
		1E184B321B25D0A4000F337C /* Greg Russell og Ciaran Algar.png in Resources */ = {isa = PBXBuildFile; fileRef = 1E184AF91B25D0A3000F337C /* Greg Russell og Ciaran Algar.png */; };
		1E184B331B25D0A4000F337C /* Hans Theessink.png in Resources */ = {isa = PBXBuildFile; fileRef = 1E184AFA1B25D0A3000F337C /* Hans Theessink.png */; };
		1E184B341B25D0A4000F337C /* Hayseed Dixie.png in Resources */ = {isa = PBXBuildFile; fileRef = 1E184AFB1B25D0A3000F337C /* Hayseed Dixie.png */; };
		1E184B351B25D0A4000F337C /* Helene Blum & Harald Haugaard Band.png in Resources */ = {isa = PBXBuildFile; fileRef = 1E184AFC1B25D0A3000F337C /* Helene Blum & Harald Haugaard Band.png */; };
		1E184B361B25D0A4000F337C /* Hot Rize.png in Resources */ = {isa = PBXBuildFile; fileRef = 1E184AFD1B25D0A3000F337C /* Hot Rize.png */; };
		1E184B371B25D0A4000F337C /* Jacob Dinesen.png in Resources */ = {isa = PBXBuildFile; fileRef = 1E184AFE1B25D0A3000F337C /* Jacob Dinesen.png */; };
		1E184B381B25D0A4000F337C /* John Prine.png in Resources */ = {isa = PBXBuildFile; fileRef = 1E184AFF1B25D0A3000F337C /* John Prine.png */; };
		1E184B391B25D0A4000F337C /* Jonah Blacksmith.png in Resources */ = {isa = PBXBuildFile; fileRef = 1E184B001B25D0A3000F337C /* Jonah Blacksmith.png */; };
		1E184B3A1B25D0A4000F337C /* Kathryn Tickell & The Side.png in Resources */ = {isa = PBXBuildFile; fileRef = 1E184B011B25D0A3000F337C /* Kathryn Tickell & The Side.png */; };
		1E184B3B1B25D0A4000F337C /* Kepa Junkera.png in Resources */ = {isa = PBXBuildFile; fileRef = 1E184B021B25D0A3000F337C /* Kepa Junkera.png */; };
		1E184B3C1B25D0A4000F337C /* King James & The Special Men.png in Resources */ = {isa = PBXBuildFile; fileRef = 1E184B031B25D0A3000F337C /* King James & The Special Men.png */; };
		1E184B3D1B25D0A4000F337C /* La Bottine Souriante.png in Resources */ = {isa = PBXBuildFile; fileRef = 1E184B041B25D0A3000F337C /* La Bottine Souriante.png */; };
		1E184B3E1B25D0A4000F337C /* Lynn Miles.png in Resources */ = {isa = PBXBuildFile; fileRef = 1E184B051B25D0A3000F337C /* Lynn Miles.png */; };
		1E184B3F1B25D0A4000F337C /* Maja & David.png in Resources */ = {isa = PBXBuildFile; fileRef = 1E184B061B25D0A3000F337C /* Maja & David.png */; };
		1E184B401B25D0A4000F337C /* Mames Babegenush.png in Resources */ = {isa = PBXBuildFile; fileRef = 1E184B071B25D0A3000F337C /* Mames Babegenush.png */; };
		1E184B411B25D0A4000F337C /* Mánran.png in Resources */ = {isa = PBXBuildFile; fileRef = 1E184B081B25D0A3000F337C /* Mánran.png */; };
		1E184B421B25D0A4000F337C /* Mary Gauthier.png in Resources */ = {isa = PBXBuildFile; fileRef = 1E184B091B25D0A3000F337C /* Mary Gauthier.png */; };
		1E184B431B25D0A4000F337C /* Meschiya Lake & The Little Big Horns.png in Resources */ = {isa = PBXBuildFile; fileRef = 1E184B0A1B25D0A3000F337C /* Meschiya Lake & The Little Big Horns.png */; };
		1E184B441B25D0A4000F337C /* Mike Andersen.png in Resources */ = {isa = PBXBuildFile; fileRef = 1E184B0B1B25D0A3000F337C /* Mike Andersen.png */; };
		1E184B451B25D0A4000F337C /* Niels Hausgaard med gæster.png in Resources */ = {isa = PBXBuildFile; fileRef = 1E184B0C1B25D0A3000F337C /* Niels Hausgaard med gæster.png */; };
		1E184B461B25D0A4000F337C /* Poul Krebs & venner.png in Resources */ = {isa = PBXBuildFile; fileRef = 1E184B0D1B25D0A3000F337C /* Poul Krebs & venner.png */; };
		1E184B471B25D0A4000F337C /* Richard J. Dobson.png in Resources */ = {isa = PBXBuildFile; fileRef = 1E184B0E1B25D0A3000F337C /* Richard J. Dobson.png */; };
		1E184B481B25D0A4000F337C /* Richard Thompson.png in Resources */ = {isa = PBXBuildFile; fileRef = 1E184B0F1B25D0A3000F337C /* Richard Thompson.png */; };
		1E184B491B25D0A4000F337C /* ROD.png in Resources */ = {isa = PBXBuildFile; fileRef = 1E184B101B25D0A3000F337C /* ROD.png */; };
		1E184B4A1B25D0A4000F337C /* Ron Kavana.png in Resources */ = {isa = PBXBuildFile; fileRef = 1E184B111B25D0A3000F337C /* Ron Kavana.png */; };
		1E184B4B1B25D0A4000F337C /* Rura.png in Resources */ = {isa = PBXBuildFile; fileRef = 1E184B121B25D0A3000F337C /* Rura.png */; };
		1E184B4C1B25D0A4000F337C /* Sheesham, Lotus & ´Son.png in Resources */ = {isa = PBXBuildFile; fileRef = 1E184B131B25D0A3000F337C /* Sheesham, Lotus & ´Son.png */; };
		1E184B4D1B25D0A4000F337C /* Skerryvore.png in Resources */ = {isa = PBXBuildFile; fileRef = 1E184B141B25D0A3000F337C /* Skerryvore.png */; };
		1E184B4E1B25D0A4000F337C /* Spiro.png in Resources */ = {isa = PBXBuildFile; fileRef = 1E184B151B25D0A3000F337C /* Spiro.png */; };
		1E184B4F1B25D0A4000F337C /* Sturgill Simpson.png in Resources */ = {isa = PBXBuildFile; fileRef = 1E184B161B25D0A3000F337C /* Sturgill Simpson.png */; };
		1E184B501B25D0A4000F337C /* Ten Strings And A Goat Skin.png in Resources */ = {isa = PBXBuildFile; fileRef = 1E184B171B25D0A3000F337C /* Ten Strings And A Goat Skin.png */; };
		1E184B511B25D0A4000F337C /* The Barra MacNeils.png in Resources */ = {isa = PBXBuildFile; fileRef = 1E184B181B25D0A3000F337C /* The Barra MacNeils.png */; };
		1E184B521B25D0A4000F337C /* The Bros Landreth.png in Resources */ = {isa = PBXBuildFile; fileRef = 1E184B191B25D0A3000F337C /* The Bros Landreth.png */; };
		1E184B531B25D0A4000F337C /* The East Pointers.png in Resources */ = {isa = PBXBuildFile; fileRef = 1E184B1A1B25D0A3000F337C /* The East Pointers.png */; };
		1E184B541B25D0A4000F337C /* The Great Malarkey.png in Resources */ = {isa = PBXBuildFile; fileRef = 1E184B1B1B25D0A3000F337C /* The Great Malarkey.png */; };
		1E184B551B25D0A4000F337C /* The Hot Seats.png in Resources */ = {isa = PBXBuildFile; fileRef = 1E184B1C1B25D0A3000F337C /* The Hot Seats.png */; };
		1E184B561B25D0A4000F337C /* The Lone Bellow.png in Resources */ = {isa = PBXBuildFile; fileRef = 1E184B1D1B25D0A3000F337C /* The Lone Bellow.png */; };
		1E184B571B25D0A4000F337C /* The Sexican.png in Resources */ = {isa = PBXBuildFile; fileRef = 1E184B1E1B25D0A3000F337C /* The Sexican.png */; };
		1E184B581B25D0A4000F337C /* The Stray Birds.png in Resources */ = {isa = PBXBuildFile; fileRef = 1E184B1F1B25D0A3000F337C /* The Stray Birds.png */; };
		1E184B591B25D0A4000F337C /* The Wailin' Jennys.png in Resources */ = {isa = PBXBuildFile; fileRef = 1E184B201B25D0A3000F337C /* The Wailin' Jennys.png */; };
		1E184B5A1B25D0A4000F337C /* The Wood Brothers.png in Resources */ = {isa = PBXBuildFile; fileRef = 1E184B211B25D0A4000F337C /* The Wood Brothers.png */; };
		1E184B5B1B25D0A4000F337C /* Three Tall Pines.png in Resources */ = {isa = PBXBuildFile; fileRef = 1E184B221B25D0A4000F337C /* Three Tall Pines.png */; };
		1E184B5C1B25D0A4000F337C /* Townes Van Zandt Tribute.png in Resources */ = {isa = PBXBuildFile; fileRef = 1E184B231B25D0A4000F337C /* Townes Van Zandt Tribute.png */; };
		1E184B5D1B25D0A4000F337C /* Usher's Island.png in Resources */ = {isa = PBXBuildFile; fileRef = 1E184B241B25D0A4000F337C /* Usher's Island.png */; };
		1E1C44001B1DCFBC00BF1734 /* Hand Made logo.png in Resources */ = {isa = PBXBuildFile; fileRef = 1E1C43FF1B1DCFBC00BF1734 /* Hand Made logo.png */; };
		1E1C451A1B1DF2E200BF1734 /* dk.png in Resources */ = {isa = PBXBuildFile; fileRef = 1E1C45191B1DF2E200BF1734 /* dk.png */; };
		1E1C451C1B1DF31D00BF1734 /* tysk.png in Resources */ = {isa = PBXBuildFile; fileRef = 1E1C451B1B1DF31D00BF1734 /* tysk.png */; };
		1E1C451E1B1DF36A00BF1734 /* uk.png in Resources */ = {isa = PBXBuildFile; fileRef = 1E1C451D1B1DF36A00BF1734 /* uk.png */; };
		1E2306E71ADED50D00D79524 /* main.m in Sources */ = {isa = PBXBuildFile; fileRef = 1E2306E61ADED50D00D79524 /* main.m */; };
		1E2306EA1ADED50D00D79524 /* AppDelegate.m in Sources */ = {isa = PBXBuildFile; fileRef = 1E2306E91ADED50D00D79524 /* AppDelegate.m */; };
		1E2306F01ADED50D00D79524 /* Main.storyboard in Resources */ = {isa = PBXBuildFile; fileRef = 1E2306EE1ADED50D00D79524 /* Main.storyboard */; };
		1E2306F21ADED50D00D79524 /* Images.xcassets in Resources */ = {isa = PBXBuildFile; fileRef = 1E2306F11ADED50D00D79524 /* Images.xcassets */; };
		1E2306F51ADED50D00D79524 /* LaunchScreen.xib in Resources */ = {isa = PBXBuildFile; fileRef = 1E2306F31ADED50D00D79524 /* LaunchScreen.xib */; };
		1E2307011ADED50D00D79524 /* ToenderFestivalTests.m in Sources */ = {isa = PBXBuildFile; fileRef = 1E2307001ADED50D00D79524 /* ToenderFestivalTests.m */; };
		1E23070C1ADED7CD00D79524 /* ChooseLanguageViewController.m in Sources */ = {isa = PBXBuildFile; fileRef = 1E23070B1ADED7CD00D79524 /* ChooseLanguageViewController.m */; };
		1E27DF001B4E9C4A0090F96C /* Vest.png in Resources */ = {isa = PBXBuildFile; fileRef = 1E27DEFF1B4E9C4A0090F96C /* Vest.png */; };
		1E2B6E531B1C8C2A001BFEF4 /* SpotifyLogo.png in Resources */ = {isa = PBXBuildFile; fileRef = 1E2B6E521B1C8C2A001BFEF4 /* SpotifyLogo.png */; };
		1E2BFC201ADFDB6B007F50A4 /* KunstnerTableViewController.m in Sources */ = {isa = PBXBuildFile; fileRef = 1E2BFC1F1ADFDB6B007F50A4 /* KunstnerTableViewController.m */; };
		1E2BFC231ADFE96A007F50A4 /* KortViewController.m in Sources */ = {isa = PBXBuildFile; fileRef = 1E2BFC221ADFE96A007F50A4 /* KortViewController.m */; };
		1E420C101AE2896100E96552 /* Spejl.png in Resources */ = {isa = PBXBuildFile; fileRef = 1E420C0E1AE2896100E96552 /* Spejl.png */; };
		1E4730B41B53DF8E00E09C2E /* vinotek.png in Resources */ = {isa = PBXBuildFile; fileRef = 1E4730B31B53DF8E00E09C2E /* vinotek.png */; };
		1E4730BF1B53E89500E09C2E /* Cafe.png in Resources */ = {isa = PBXBuildFile; fileRef = 1E4730B51B53E89500E09C2E /* Cafe.png */; };
		1E4730C11B53E89500E09C2E /* Green.png in Resources */ = {isa = PBXBuildFile; fileRef = 1E4730B71B53E89500E09C2E /* Green.png */; };
		1E4730C21B53E89500E09C2E /* Kuppen.png in Resources */ = {isa = PBXBuildFile; fileRef = 1E4730B81B53E89500E09C2E /* Kuppen.png */; };
		1E4730C31B53E89500E09C2E /* Øl.png in Resources */ = {isa = PBXBuildFile; fileRef = 1E4730B91B53E89500E09C2E /* Øl.png */; };
		1E4730C41B53E89500E09C2E /* Pølse.png in Resources */ = {isa = PBXBuildFile; fileRef = 1E4730BA1B53E89500E09C2E /* Pølse.png */; };
		1E4730C51B53E89500E09C2E /* Rom.png in Resources */ = {isa = PBXBuildFile; fileRef = 1E4730BB1B53E89500E09C2E /* Rom.png */; };
		1E4730C61B53E89500E09C2E /* SOS.png in Resources */ = {isa = PBXBuildFile; fileRef = 1E4730BC1B53E89500E09C2E /* SOS.png */; };
		1E4730C71B53E89500E09C2E /* Vaffelbod.png in Resources */ = {isa = PBXBuildFile; fileRef = 1E4730BD1B53E89500E09C2E /* Vaffelbod.png */; };
		1E4730C81B53E89500E09C2E /* wok.png in Resources */ = {isa = PBXBuildFile; fileRef = 1E4730BE1B53E89500E09C2E /* wok.png */; };
		1E4730CA1B53F01300E09C2E /* Blues.png in Resources */ = {isa = PBXBuildFile; fileRef = 1E4730C91B53F01300E09C2E /* Blues.png */; };
		1E4730CC1B53F38200E09C2E /* Hemmelige.png in Resources */ = {isa = PBXBuildFile; fileRef = 1E4730CB1B53F38200E09C2E /* Hemmelige.png */; };
		1E4730CE1B53F55B00E09C2E /* Fish.png in Resources */ = {isa = PBXBuildFile; fileRef = 1E4730CD1B53F55B00E09C2E /* Fish.png */; };
		1E4730D01B53F5DF00E09C2E /* Fur.png in Resources */ = {isa = PBXBuildFile; fileRef = 1E4730CF1B53F5DF00E09C2E /* Fur.png */; };
		1E4730D21B53F73100E09C2E /* Gris.png in Resources */ = {isa = PBXBuildFile; fileRef = 1E4730D11B53F73100E09C2E /* Gris.png */; };
		1E4730D41B53FCB500E09C2E /* Mormor.png in Resources */ = {isa = PBXBuildFile; fileRef = 1E4730D31B53FCB500E09C2E /* Mormor.png */; };
		1E4730D61B53FDB700E09C2E /* pandekage.png in Resources */ = {isa = PBXBuildFile; fileRef = 1E4730D51B53FDB700E09C2E /* pandekage.png */; };
		1E4730D81B53FF8F00E09C2E /* Schackenborg.png in Resources */ = {isa = PBXBuildFile; fileRef = 1E4730D71B53FF8F00E09C2E /* Schackenborg.png */; };
		1E4730DA1B540BE800E09C2E /* Vadehavs.png in Resources */ = {isa = PBXBuildFile; fileRef = 1E4730D91B540BE800E09C2E /* Vadehavs.png */; };
		1E5157191B283EFC00763BDB /* FridayProgramTableViewController.m in Sources */ = {isa = PBXBuildFile; fileRef = 1E5157181B283EFC00763BDB /* FridayProgramTableViewController.m */; };
		1E51571C1B285D3200763BDB /* SaturdayProgramTableViewController.m in Sources */ = {isa = PBXBuildFile; fileRef = 1E51571B1B285D3200763BDB /* SaturdayProgramTableViewController.m */; };
		1E51571F1B285D4000763BDB /* SundayProgramTableViewController.m in Sources */ = {isa = PBXBuildFile; fileRef = 1E51571E1B285D4000763BDB /* SundayProgramTableViewController.m */; };
		1E573DE81B1C69AD00690BB7 /* tonder-festival-toplogo.png in Resources */ = {isa = PBXBuildFile; fileRef = 1E573DE71B1C69AD00690BB7 /* tonder-festival-toplogo.png */; };
		1E573DEC1B1C6C5A00690BB7 /* Background.png in Resources */ = {isa = PBXBuildFile; fileRef = 1E573DEB1B1C6C5A00690BB7 /* Background.png */; };
		1E7EBD3A1AF00E5500604071 /* face.png in Resources */ = {isa = PBXBuildFile; fileRef = 1E7EBD371AF00E5500604071 /* face.png */; };
		1E7EBD3B1AF00E5500604071 /* insta.png in Resources */ = {isa = PBXBuildFile; fileRef = 1E7EBD381AF00E5500604071 /* insta.png */; };
		1E7EBD3C1AF00E5500604071 /* twit.png in Resources */ = {isa = PBXBuildFile; fileRef = 1E7EBD391AF00E5500604071 /* twit.png */; };
		1E7EBD3F1AF010DD00604071 /* SpotifyViewController.m in Sources */ = {isa = PBXBuildFile; fileRef = 1E7EBD3E1AF010DD00604071 /* SpotifyViewController.m */; };
		1E7EBD5A1AF0227200604071 /* infotext.png in Resources */ = {isa = PBXBuildFile; fileRef = 1E7EBD521AF0227200604071 /* infotext.png */; };
		1E7EBD5B1AF0227200604071 /* korttext.png in Resources */ = {isa = PBXBuildFile; fileRef = 1E7EBD531AF0227200604071 /* korttext.png */; };
		1E7EBD5C1AF0227200604071 /* kunstneretext.png in Resources */ = {isa = PBXBuildFile; fileRef = 1E7EBD541AF0227200604071 /* kunstneretext.png */; };
		1E7EBD5D1AF0227200604071 /* madtext.png in Resources */ = {isa = PBXBuildFile; fileRef = 1E7EBD551AF0227200604071 /* madtext.png */; };
		1E7EBD5E1AF0227200604071 /* newstext.png in Resources */ = {isa = PBXBuildFile; fileRef = 1E7EBD561AF0227200604071 /* newstext.png */; };
		1E7EBD5F1AF0227200604071 /* Programtext.png in Resources */ = {isa = PBXBuildFile; fileRef = 1E7EBD571AF0227200604071 /* Programtext.png */; };
		1E7EBD601AF0227200604071 /* smiletext.png in Resources */ = {isa = PBXBuildFile; fileRef = 1E7EBD581AF0227200604071 /* smiletext.png */; };
		1E7EBD611AF0227200604071 /* Spotifytext.png in Resources */ = {isa = PBXBuildFile; fileRef = 1E7EBD591AF0227200604071 /* Spotifytext.png */; };
		1E826CE01B591E5500157B97 /* Billetter.png in Resources */ = {isa = PBXBuildFile; fileRef = 1E826CDF1B591E5500157B97 /* Billetter.png */; };
		1E826CE31B591E9F00157B97 /* BilleterViewController.m in Sources */ = {isa = PBXBuildFile; fileRef = 1E826CE21B591E9F00157B97 /* BilleterViewController.m */; };
		1E826CE61B594D5500157B97 /* SponsorTableViewController.m in Sources */ = {isa = PBXBuildFile; fileRef = 1E826CE51B594D5500157B97 /* SponsorTableViewController.m */; };
		1EBF76D31ADEF6D6006517BE /* MenuViewController.m in Sources */ = {isa = PBXBuildFile; fileRef = 1EBF76D21ADEF6D6006517BE /* MenuViewController.m */; };
		1EBF76D61ADEF84C006517BE /* KunstnerViewController.m in Sources */ = {isa = PBXBuildFile; fileRef = 1EBF76D51ADEF84C006517BE /* KunstnerViewController.m */; };
		1EC66F7E1B298DFB0053E62A /* festivalspladsmap.png in Resources */ = {isa = PBXBuildFile; fileRef = 1EC66F7D1B298DFB0053E62A /* festivalspladsmap.png */; };
		1EC66F801B2A13430053E62A /* 27.png in Resources */ = {isa = PBXBuildFile; fileRef = 1EC66F7F1B2A13430053E62A /* 27.png */; };
		1EC66F821B2A18150053E62A /* 28.png in Resources */ = {isa = PBXBuildFile; fileRef = 1EC66F811B2A18150053E62A /* 28.png */; };
		1EC66F841B2A187F0053E62A /* 29.png in Resources */ = {isa = PBXBuildFile; fileRef = 1EC66F831B2A187F0053E62A /* 29.png */; };
		1EC66F861B2A1A280053E62A /* 30.png in Resources */ = {isa = PBXBuildFile; fileRef = 1EC66F851B2A1A280053E62A /* 30.png */; };
		1EC66F891B2AD1700053E62A /* InfoTableViewController.m in Sources */ = {isa = PBXBuildFile; fileRef = 1EC66F881B2AD1700053E62A /* InfoTableViewController.m */; };
		1EC66F8C1B2AD7590053E62A /* MadTableViewController.m in Sources */ = {isa = PBXBuildFile; fileRef = 1EC66F8B1B2AD7590053E62A /* MadTableViewController.m */; };
		1EDAB4FD1B1F2D110016C76B /* APPDetailViewController.m in Sources */ = {isa = PBXBuildFile; fileRef = 1EDAB4FA1B1F2D110016C76B /* APPDetailViewController.m */; };
		1EDAB4FE1B1F2D110016C76B /* APPMasterViewController.m in Sources */ = {isa = PBXBuildFile; fileRef = 1EDAB4FC1B1F2D110016C76B /* APPMasterViewController.m */; };
		1EDAB5001B1F2D810016C76B /* test.png in Resources */ = {isa = PBXBuildFile; fileRef = 1EDAB4FF1B1F2D810016C76B /* test.png */; };
		1EEE6D5E1B4D635C00DD9615 /* EventDKTableViewController.m in Sources */ = {isa = PBXBuildFile; fileRef = 1EEE6D5D1B4D635C00DD9615 /* EventDKTableViewController.m */; };
/* End PBXBuildFile section */

/* Begin PBXContainerItemProxy section */
		1E2306FB1ADED50D00D79524 /* PBXContainerItemProxy */ = {
			isa = PBXContainerItemProxy;
			containerPortal = 1E2306D91ADED50D00D79524 /* Project object */;
			proxyType = 1;
			remoteGlobalIDString = 1E2306E01ADED50D00D79524;
			remoteInfo = ToenderFestival;
		};
/* End PBXContainerItemProxy section */

/* Begin PBXFileReference section */
		1E184AE91B258F90000F337C /* ThursdayProgramTableViewController.h */ = {isa = PBXFileReference; fileEncoding = 4; lastKnownFileType = sourcecode.c.h; path = ThursdayProgramTableViewController.h; sourceTree = "<group>"; };
		1E184AEA1B258F90000F337C /* ThursdayProgramTableViewController.m */ = {isa = PBXFileReference; fileEncoding = 4; lastKnownFileType = sourcecode.c.objc; path = ThursdayProgramTableViewController.m; sourceTree = "<group>"; };
		1E184AEC1B25D0A3000F337C /* Adam Holmes and The Embers.png */ = {isa = PBXFileReference; lastKnownFileType = image.png; name = "Adam Holmes and The Embers.png"; path = "../../images/Kunstnere/Adam Holmes and The Embers.png"; sourceTree = "<group>"; };
		1E184AED1B25D0A3000F337C /* Allan Taylor.png */ = {isa = PBXFileReference; lastKnownFileType = image.png; name = "Allan Taylor.png"; path = "../../images/Kunstnere/Allan Taylor.png"; sourceTree = "<group>"; };
		1E184AEE1B25D0A3000F337C /* Band Battle New Orleans Style.png */ = {isa = PBXFileReference; lastKnownFileType = image.png; name = "Band Battle New Orleans Style.png"; path = "../../images/Kunstnere/Band Battle New Orleans Style.png"; sourceTree = "<group>"; };
		1E184AEF1B25D0A3000F337C /* Bellowhead.png */ = {isa = PBXFileReference; lastKnownFileType = image.png; name = Bellowhead.png; path = ../../images/Kunstnere/Bellowhead.png; sourceTree = "<group>"; };
		1E184AF01B25D0A3000F337C /* Chris Smither.png */ = {isa = PBXFileReference; lastKnownFileType = image.png; name = "Chris Smither.png"; path = "../../images/Kunstnere/Chris Smither.png"; sourceTree = "<group>"; };
		1E184AF11B25D0A3000F337C /* Danú.png */ = {isa = PBXFileReference; lastKnownFileType = image.png; name = "Danú.png"; path = "../../images/Kunstnere/Danú.png"; sourceTree = "<group>"; };
		1E184AF21B25D0A3000F337C /* Dreamers' Circus & The Danish String Quartet.png */ = {isa = PBXFileReference; lastKnownFileType = image.png; name = "Dreamers' Circus & The Danish String Quartet.png"; path = "../../images/Kunstnere/Dreamers' Circus & The Danish String Quartet.png"; sourceTree = "<group>"; };
		1E184AF31B25D0A3000F337C /* Eleanor Shanley.png */ = {isa = PBXFileReference; lastKnownFileType = image.png; name = "Eleanor Shanley.png"; path = "../../images/Kunstnere/Eleanor Shanley.png"; sourceTree = "<group>"; };
		1E184AF41B25D0A3000F337C /* Fanø:Cape Breton Night.png */ = {isa = PBXFileReference; lastKnownFileType = image.png; name = "Fanø:Cape Breton Night.png"; path = "../../images/Kunstnere/Fanø:Cape Breton Night.png"; sourceTree = "<group>"; };
		1E184AF51B25D0A3000F337C /* Fara.png */ = {isa = PBXFileReference; lastKnownFileType = image.png; name = Fara.png; path = ../../images/Kunstnere/Fara.png; sourceTree = "<group>"; };
		1E184AF61B25D0A3000F337C /* folkBALTICA Ensemble.png */ = {isa = PBXFileReference; lastKnownFileType = image.png; name = "folkBALTICA Ensemble.png"; path = "../../images/Kunstnere/folkBALTICA Ensemble.png"; sourceTree = "<group>"; };
		1E184AF71B25D0A3000F337C /* Folkeklubben.png */ = {isa = PBXFileReference; lastKnownFileType = image.png; name = Folkeklubben.png; path = ../../images/Kunstnere/Folkeklubben.png; sourceTree = "<group>"; };
		1E184AF81B25D0A3000F337C /* FolkSpot.png */ = {isa = PBXFileReference; lastKnownFileType = image.png; name = FolkSpot.png; path = ../../images/Kunstnere/FolkSpot.png; sourceTree = "<group>"; };
		1E184AF91B25D0A3000F337C /* Greg Russell og Ciaran Algar.png */ = {isa = PBXFileReference; lastKnownFileType = image.png; name = "Greg Russell og Ciaran Algar.png"; path = "../../images/Kunstnere/Greg Russell og Ciaran Algar.png"; sourceTree = "<group>"; };
		1E184AFA1B25D0A3000F337C /* Hans Theessink.png */ = {isa = PBXFileReference; lastKnownFileType = image.png; name = "Hans Theessink.png"; path = "../../images/Kunstnere/Hans Theessink.png"; sourceTree = "<group>"; };
		1E184AFB1B25D0A3000F337C /* Hayseed Dixie.png */ = {isa = PBXFileReference; lastKnownFileType = image.png; name = "Hayseed Dixie.png"; path = "../../images/Kunstnere/Hayseed Dixie.png"; sourceTree = "<group>"; };
		1E184AFC1B25D0A3000F337C /* Helene Blum & Harald Haugaard Band.png */ = {isa = PBXFileReference; lastKnownFileType = image.png; name = "Helene Blum & Harald Haugaard Band.png"; path = "../../images/Kunstnere/Helene Blum & Harald Haugaard Band.png"; sourceTree = "<group>"; };
		1E184AFD1B25D0A3000F337C /* Hot Rize.png */ = {isa = PBXFileReference; lastKnownFileType = image.png; name = "Hot Rize.png"; path = "../../images/Kunstnere/Hot Rize.png"; sourceTree = "<group>"; };
		1E184AFE1B25D0A3000F337C /* Jacob Dinesen.png */ = {isa = PBXFileReference; lastKnownFileType = image.png; name = "Jacob Dinesen.png"; path = "../../images/Kunstnere/Jacob Dinesen.png"; sourceTree = "<group>"; };
		1E184AFF1B25D0A3000F337C /* John Prine.png */ = {isa = PBXFileReference; lastKnownFileType = image.png; name = "John Prine.png"; path = "../../images/Kunstnere/John Prine.png"; sourceTree = "<group>"; };
		1E184B001B25D0A3000F337C /* Jonah Blacksmith.png */ = {isa = PBXFileReference; lastKnownFileType = image.png; name = "Jonah Blacksmith.png"; path = "../../images/Kunstnere/Jonah Blacksmith.png"; sourceTree = "<group>"; };
		1E184B011B25D0A3000F337C /* Kathryn Tickell & The Side.png */ = {isa = PBXFileReference; lastKnownFileType = image.png; name = "Kathryn Tickell & The Side.png"; path = "../../images/Kunstnere/Kathryn Tickell & The Side.png"; sourceTree = "<group>"; };
		1E184B021B25D0A3000F337C /* Kepa Junkera.png */ = {isa = PBXFileReference; lastKnownFileType = image.png; name = "Kepa Junkera.png"; path = "../../images/Kunstnere/Kepa Junkera.png"; sourceTree = "<group>"; };
		1E184B031B25D0A3000F337C /* King James & The Special Men.png */ = {isa = PBXFileReference; lastKnownFileType = image.png; name = "King James & The Special Men.png"; path = "../../images/Kunstnere/King James & The Special Men.png"; sourceTree = "<group>"; };
		1E184B041B25D0A3000F337C /* La Bottine Souriante.png */ = {isa = PBXFileReference; lastKnownFileType = image.png; name = "La Bottine Souriante.png"; path = "../../images/Kunstnere/La Bottine Souriante.png"; sourceTree = "<group>"; };
		1E184B051B25D0A3000F337C /* Lynn Miles.png */ = {isa = PBXFileReference; lastKnownFileType = image.png; name = "Lynn Miles.png"; path = "../../images/Kunstnere/Lynn Miles.png"; sourceTree = "<group>"; };
		1E184B061B25D0A3000F337C /* Maja & David.png */ = {isa = PBXFileReference; lastKnownFileType = image.png; name = "Maja & David.png"; path = "../../images/Kunstnere/Maja & David.png"; sourceTree = "<group>"; };
		1E184B071B25D0A3000F337C /* Mames Babegenush.png */ = {isa = PBXFileReference; lastKnownFileType = image.png; name = "Mames Babegenush.png"; path = "../../images/Kunstnere/Mames Babegenush.png"; sourceTree = "<group>"; };
		1E184B081B25D0A3000F337C /* Mánran.png */ = {isa = PBXFileReference; lastKnownFileType = image.png; name = "Mánran.png"; path = "../../images/Kunstnere/Mánran.png"; sourceTree = "<group>"; };
		1E184B091B25D0A3000F337C /* Mary Gauthier.png */ = {isa = PBXFileReference; lastKnownFileType = image.png; name = "Mary Gauthier.png"; path = "../../images/Kunstnere/Mary Gauthier.png"; sourceTree = "<group>"; };
		1E184B0A1B25D0A3000F337C /* Meschiya Lake & The Little Big Horns.png */ = {isa = PBXFileReference; lastKnownFileType = image.png; name = "Meschiya Lake & The Little Big Horns.png"; path = "../../images/Kunstnere/Meschiya Lake & The Little Big Horns.png"; sourceTree = "<group>"; };
		1E184B0B1B25D0A3000F337C /* Mike Andersen.png */ = {isa = PBXFileReference; lastKnownFileType = image.png; name = "Mike Andersen.png"; path = "../../images/Kunstnere/Mike Andersen.png"; sourceTree = "<group>"; };
		1E184B0C1B25D0A3000F337C /* Niels Hausgaard med gæster.png */ = {isa = PBXFileReference; lastKnownFileType = image.png; name = "Niels Hausgaard med gæster.png"; path = "../../images/Kunstnere/Niels Hausgaard med gæster.png"; sourceTree = "<group>"; };
		1E184B0D1B25D0A3000F337C /* Poul Krebs & venner.png */ = {isa = PBXFileReference; lastKnownFileType = image.png; name = "Poul Krebs & venner.png"; path = "../../images/Kunstnere/Poul Krebs & venner.png"; sourceTree = "<group>"; };
		1E184B0E1B25D0A3000F337C /* Richard J. Dobson.png */ = {isa = PBXFileReference; lastKnownFileType = image.png; name = "Richard J. Dobson.png"; path = "../../images/Kunstnere/Richard J. Dobson.png"; sourceTree = "<group>"; };
		1E184B0F1B25D0A3000F337C /* Richard Thompson.png */ = {isa = PBXFileReference; lastKnownFileType = image.png; name = "Richard Thompson.png"; path = "../../images/Kunstnere/Richard Thompson.png"; sourceTree = "<group>"; };
		1E184B101B25D0A3000F337C /* ROD.png */ = {isa = PBXFileReference; lastKnownFileType = image.png; name = ROD.png; path = ../../images/Kunstnere/ROD.png; sourceTree = "<group>"; };
		1E184B111B25D0A3000F337C /* Ron Kavana.png */ = {isa = PBXFileReference; lastKnownFileType = image.png; name = "Ron Kavana.png"; path = "../../images/Kunstnere/Ron Kavana.png"; sourceTree = "<group>"; };
		1E184B121B25D0A3000F337C /* Rura.png */ = {isa = PBXFileReference; lastKnownFileType = image.png; name = Rura.png; path = ../../images/Kunstnere/Rura.png; sourceTree = "<group>"; };
		1E184B131B25D0A3000F337C /* Sheesham, Lotus & ´Son.png */ = {isa = PBXFileReference; lastKnownFileType = image.png; name = "Sheesham, Lotus & ´Son.png"; path = "../../images/Kunstnere/Sheesham, Lotus & ´Son.png"; sourceTree = "<group>"; };
		1E184B141B25D0A3000F337C /* Skerryvore.png */ = {isa = PBXFileReference; lastKnownFileType = image.png; name = Skerryvore.png; path = ../../images/Kunstnere/Skerryvore.png; sourceTree = "<group>"; };
		1E184B151B25D0A3000F337C /* Spiro.png */ = {isa = PBXFileReference; lastKnownFileType = image.png; name = Spiro.png; path = ../../images/Kunstnere/Spiro.png; sourceTree = "<group>"; };
		1E184B161B25D0A3000F337C /* Sturgill Simpson.png */ = {isa = PBXFileReference; lastKnownFileType = image.png; name = "Sturgill Simpson.png"; path = "../../images/Kunstnere/Sturgill Simpson.png"; sourceTree = "<group>"; };
		1E184B171B25D0A3000F337C /* Ten Strings And A Goat Skin.png */ = {isa = PBXFileReference; lastKnownFileType = image.png; name = "Ten Strings And A Goat Skin.png"; path = "../../images/Kunstnere/Ten Strings And A Goat Skin.png"; sourceTree = "<group>"; };
		1E184B181B25D0A3000F337C /* The Barra MacNeils.png */ = {isa = PBXFileReference; lastKnownFileType = image.png; name = "The Barra MacNeils.png"; path = "../../images/Kunstnere/The Barra MacNeils.png"; sourceTree = "<group>"; };
		1E184B191B25D0A3000F337C /* The Bros Landreth.png */ = {isa = PBXFileReference; lastKnownFileType = image.png; name = "The Bros Landreth.png"; path = "../../images/Kunstnere/The Bros Landreth.png"; sourceTree = "<group>"; };
		1E184B1A1B25D0A3000F337C /* The East Pointers.png */ = {isa = PBXFileReference; lastKnownFileType = image.png; name = "The East Pointers.png"; path = "../../images/Kunstnere/The East Pointers.png"; sourceTree = "<group>"; };
		1E184B1B1B25D0A3000F337C /* The Great Malarkey.png */ = {isa = PBXFileReference; lastKnownFileType = image.png; name = "The Great Malarkey.png"; path = "../../images/Kunstnere/The Great Malarkey.png"; sourceTree = "<group>"; };
		1E184B1C1B25D0A3000F337C /* The Hot Seats.png */ = {isa = PBXFileReference; lastKnownFileType = image.png; name = "The Hot Seats.png"; path = "../../images/Kunstnere/The Hot Seats.png"; sourceTree = "<group>"; };
		1E184B1D1B25D0A3000F337C /* The Lone Bellow.png */ = {isa = PBXFileReference; lastKnownFileType = image.png; name = "The Lone Bellow.png"; path = "../../images/Kunstnere/The Lone Bellow.png"; sourceTree = "<group>"; };
		1E184B1E1B25D0A3000F337C /* The Sexican.png */ = {isa = PBXFileReference; lastKnownFileType = image.png; name = "The Sexican.png"; path = "../../images/Kunstnere/The Sexican.png"; sourceTree = "<group>"; };
		1E184B1F1B25D0A3000F337C /* The Stray Birds.png */ = {isa = PBXFileReference; lastKnownFileType = image.png; name = "The Stray Birds.png"; path = "../../images/Kunstnere/The Stray Birds.png"; sourceTree = "<group>"; };
		1E184B201B25D0A3000F337C /* The Wailin' Jennys.png */ = {isa = PBXFileReference; lastKnownFileType = image.png; name = "The Wailin' Jennys.png"; path = "../../images/Kunstnere/The Wailin' Jennys.png"; sourceTree = "<group>"; };
		1E184B211B25D0A4000F337C /* The Wood Brothers.png */ = {isa = PBXFileReference; lastKnownFileType = image.png; name = "The Wood Brothers.png"; path = "../../images/Kunstnere/The Wood Brothers.png"; sourceTree = "<group>"; };
		1E184B221B25D0A4000F337C /* Three Tall Pines.png */ = {isa = PBXFileReference; lastKnownFileType = image.png; name = "Three Tall Pines.png"; path = "../../images/Kunstnere/Three Tall Pines.png"; sourceTree = "<group>"; };
		1E184B231B25D0A4000F337C /* Townes Van Zandt Tribute.png */ = {isa = PBXFileReference; lastKnownFileType = image.png; name = "Townes Van Zandt Tribute.png"; path = "../../images/Kunstnere/Townes Van Zandt Tribute.png"; sourceTree = "<group>"; };
		1E184B241B25D0A4000F337C /* Usher's Island.png */ = {isa = PBXFileReference; lastKnownFileType = image.png; name = "Usher's Island.png"; path = "../../images/Kunstnere/Usher's Island.png"; sourceTree = "<group>"; };
		1E1C43FF1B1DCFBC00BF1734 /* Hand Made logo.png */ = {isa = PBXFileReference; lastKnownFileType = image.png; path = "Hand Made logo.png"; sourceTree = "<group>"; };
		1E1C45191B1DF2E200BF1734 /* dk.png */ = {isa = PBXFileReference; lastKnownFileType = image.png; name = dk.png; path = ../../images/dk.png; sourceTree = "<group>"; };
		1E1C451B1B1DF31D00BF1734 /* tysk.png */ = {isa = PBXFileReference; lastKnownFileType = image.png; name = tysk.png; path = ../../images/tysk.png; sourceTree = "<group>"; };
		1E1C451D1B1DF36A00BF1734 /* uk.png */ = {isa = PBXFileReference; lastKnownFileType = image.png; name = uk.png; path = ../../images/uk.png; sourceTree = "<group>"; };
		1E2306E11ADED50D00D79524 /* ToenderFestival.app */ = {isa = PBXFileReference; explicitFileType = wrapper.application; includeInIndex = 0; path = ToenderFestival.app; sourceTree = BUILT_PRODUCTS_DIR; };
		1E2306E51ADED50D00D79524 /* Info.plist */ = {isa = PBXFileReference; lastKnownFileType = text.plist.xml; path = Info.plist; sourceTree = "<group>"; };
		1E2306E61ADED50D00D79524 /* main.m */ = {isa = PBXFileReference; lastKnownFileType = sourcecode.c.objc; path = main.m; sourceTree = "<group>"; };
		1E2306E81ADED50D00D79524 /* AppDelegate.h */ = {isa = PBXFileReference; lastKnownFileType = sourcecode.c.h; path = AppDelegate.h; sourceTree = "<group>"; };
		1E2306E91ADED50D00D79524 /* AppDelegate.m */ = {isa = PBXFileReference; lastKnownFileType = sourcecode.c.objc; path = AppDelegate.m; sourceTree = "<group>"; };
		1E2306EF1ADED50D00D79524 /* Base */ = {isa = PBXFileReference; lastKnownFileType = file.storyboard; name = Base; path = Base.lproj/Main.storyboard; sourceTree = "<group>"; };
		1E2306F11ADED50D00D79524 /* Images.xcassets */ = {isa = PBXFileReference; lastKnownFileType = folder.assetcatalog; path = Images.xcassets; sourceTree = "<group>"; };
		1E2306F41ADED50D00D79524 /* Base */ = {isa = PBXFileReference; lastKnownFileType = file.xib; name = Base; path = Base.lproj/LaunchScreen.xib; sourceTree = "<group>"; };
		1E2306FA1ADED50D00D79524 /* ToenderFestivalTests.xctest */ = {isa = PBXFileReference; explicitFileType = wrapper.cfbundle; includeInIndex = 0; path = ToenderFestivalTests.xctest; sourceTree = BUILT_PRODUCTS_DIR; };
		1E2306FF1ADED50D00D79524 /* Info.plist */ = {isa = PBXFileReference; lastKnownFileType = text.plist.xml; path = Info.plist; sourceTree = "<group>"; };
		1E2307001ADED50D00D79524 /* ToenderFestivalTests.m */ = {isa = PBXFileReference; lastKnownFileType = sourcecode.c.objc; path = ToenderFestivalTests.m; sourceTree = "<group>"; };
		1E23070A1ADED7CD00D79524 /* ChooseLanguageViewController.h */ = {isa = PBXFileReference; fileEncoding = 4; lastKnownFileType = sourcecode.c.h; path = ChooseLanguageViewController.h; sourceTree = "<group>"; };
		1E23070B1ADED7CD00D79524 /* ChooseLanguageViewController.m */ = {isa = PBXFileReference; fileEncoding = 4; lastKnownFileType = sourcecode.c.objc; path = ChooseLanguageViewController.m; sourceTree = "<group>"; };
		1E27DEFF1B4E9C4A0090F96C /* Vest.png */ = {isa = PBXFileReference; lastKnownFileType = image.png; name = Vest.png; path = ../../images/Vest.png; sourceTree = "<group>"; };
		1E2B6E521B1C8C2A001BFEF4 /* SpotifyLogo.png */ = {isa = PBXFileReference; lastKnownFileType = image.png; path = SpotifyLogo.png; sourceTree = "<group>"; };
		1E2BFC1E1ADFDB6B007F50A4 /* KunstnerTableViewController.h */ = {isa = PBXFileReference; fileEncoding = 4; lastKnownFileType = sourcecode.c.h; path = KunstnerTableViewController.h; sourceTree = "<group>"; };
		1E2BFC1F1ADFDB6B007F50A4 /* KunstnerTableViewController.m */ = {isa = PBXFileReference; fileEncoding = 4; lastKnownFileType = sourcecode.c.objc; path = KunstnerTableViewController.m; sourceTree = "<group>"; };
		1E2BFC211ADFE96A007F50A4 /* KortViewController.h */ = {isa = PBXFileReference; fileEncoding = 4; lastKnownFileType = sourcecode.c.h; path = KortViewController.h; sourceTree = "<group>"; };
		1E2BFC221ADFE96A007F50A4 /* KortViewController.m */ = {isa = PBXFileReference; fileEncoding = 4; lastKnownFileType = sourcecode.c.objc; path = KortViewController.m; sourceTree = "<group>"; };
		1E420C0E1AE2896100E96552 /* Spejl.png */ = {isa = PBXFileReference; lastKnownFileType = image.png; name = Spejl.png; path = ../../images/Spejl.png; sourceTree = "<group>"; };
		1E4730B31B53DF8E00E09C2E /* vinotek.png */ = {isa = PBXFileReference; lastKnownFileType = image.png; name = vinotek.png; path = ../../images/Madsteder/vinotek.png; sourceTree = "<group>"; };
		1E4730B51B53E89500E09C2E /* Cafe.png */ = {isa = PBXFileReference; lastKnownFileType = image.png; name = Cafe.png; path = ../../images/Madsteder/Cafe.png; sourceTree = "<group>"; };
		1E4730B71B53E89500E09C2E /* Green.png */ = {isa = PBXFileReference; lastKnownFileType = image.png; name = Green.png; path = ../../images/Madsteder/Green.png; sourceTree = "<group>"; };
		1E4730B81B53E89500E09C2E /* Kuppen.png */ = {isa = PBXFileReference; lastKnownFileType = image.png; name = Kuppen.png; path = ../../images/Madsteder/Kuppen.png; sourceTree = "<group>"; };
		1E4730B91B53E89500E09C2E /* Øl.png */ = {isa = PBXFileReference; lastKnownFileType = image.png; name = "Øl.png"; path = "../../images/Madsteder/Øl.png"; sourceTree = "<group>"; };
		1E4730BA1B53E89500E09C2E /* Pølse.png */ = {isa = PBXFileReference; lastKnownFileType = image.png; name = "Pølse.png"; path = "../../images/Madsteder/Pølse.png"; sourceTree = "<group>"; };
		1E4730BB1B53E89500E09C2E /* Rom.png */ = {isa = PBXFileReference; lastKnownFileType = image.png; name = Rom.png; path = ../../images/Madsteder/Rom.png; sourceTree = "<group>"; };
		1E4730BC1B53E89500E09C2E /* SOS.png */ = {isa = PBXFileReference; lastKnownFileType = image.png; name = SOS.png; path = ../../images/Madsteder/SOS.png; sourceTree = "<group>"; };
		1E4730BD1B53E89500E09C2E /* Vaffelbod.png */ = {isa = PBXFileReference; lastKnownFileType = image.png; name = Vaffelbod.png; path = ../../images/Madsteder/Vaffelbod.png; sourceTree = "<group>"; };
		1E4730BE1B53E89500E09C2E /* wok.png */ = {isa = PBXFileReference; lastKnownFileType = image.png; name = wok.png; path = ../../images/Madsteder/wok.png; sourceTree = "<group>"; };
		1E4730C91B53F01300E09C2E /* Blues.png */ = {isa = PBXFileReference; lastKnownFileType = image.png; name = Blues.png; path = ../../images/Madsteder/Blues.png; sourceTree = "<group>"; };
		1E4730CB1B53F38200E09C2E /* Hemmelige.png */ = {isa = PBXFileReference; lastKnownFileType = image.png; name = Hemmelige.png; path = ../../images/Madsteder/Hemmelige.png; sourceTree = "<group>"; };
		1E4730CD1B53F55B00E09C2E /* Fish.png */ = {isa = PBXFileReference; lastKnownFileType = image.png; name = Fish.png; path = ../../images/Madsteder/Fish.png; sourceTree = "<group>"; };
		1E4730CF1B53F5DF00E09C2E /* Fur.png */ = {isa = PBXFileReference; lastKnownFileType = image.png; name = Fur.png; path = ../../images/Madsteder/Fur.png; sourceTree = "<group>"; };
		1E4730D11B53F73100E09C2E /* Gris.png */ = {isa = PBXFileReference; lastKnownFileType = image.png; name = Gris.png; path = ../../images/Madsteder/Gris.png; sourceTree = "<group>"; };
		1E4730D31B53FCB500E09C2E /* Mormor.png */ = {isa = PBXFileReference; lastKnownFileType = image.png; name = Mormor.png; path = ../../images/Madsteder/Mormor.png; sourceTree = "<group>"; };
		1E4730D51B53FDB700E09C2E /* pandekage.png */ = {isa = PBXFileReference; lastKnownFileType = image.png; name = pandekage.png; path = ../../images/Madsteder/pandekage.png; sourceTree = "<group>"; };
		1E4730D71B53FF8F00E09C2E /* Schackenborg.png */ = {isa = PBXFileReference; lastKnownFileType = image.png; name = Schackenborg.png; path = ../../images/Madsteder/Schackenborg.png; sourceTree = "<group>"; };
		1E4730D91B540BE800E09C2E /* Vadehavs.png */ = {isa = PBXFileReference; lastKnownFileType = image.png; name = Vadehavs.png; path = ../../images/Madsteder/Vadehavs.png; sourceTree = "<group>"; };
		1E5157171B283EFC00763BDB /* FridayProgramTableViewController.h */ = {isa = PBXFileReference; fileEncoding = 4; lastKnownFileType = sourcecode.c.h; path = FridayProgramTableViewController.h; sourceTree = "<group>"; };
		1E5157181B283EFC00763BDB /* FridayProgramTableViewController.m */ = {isa = PBXFileReference; fileEncoding = 4; lastKnownFileType = sourcecode.c.objc; path = FridayProgramTableViewController.m; sourceTree = "<group>"; };
		1E51571A1B285D3200763BDB /* SaturdayProgramTableViewController.h */ = {isa = PBXFileReference; fileEncoding = 4; lastKnownFileType = sourcecode.c.h; path = SaturdayProgramTableViewController.h; sourceTree = "<group>"; };
		1E51571B1B285D3200763BDB /* SaturdayProgramTableViewController.m */ = {isa = PBXFileReference; fileEncoding = 4; lastKnownFileType = sourcecode.c.objc; path = SaturdayProgramTableViewController.m; sourceTree = "<group>"; };
		1E51571D1B285D4000763BDB /* SundayProgramTableViewController.h */ = {isa = PBXFileReference; fileEncoding = 4; lastKnownFileType = sourcecode.c.h; path = SundayProgramTableViewController.h; sourceTree = "<group>"; };
		1E51571E1B285D4000763BDB /* SundayProgramTableViewController.m */ = {isa = PBXFileReference; fileEncoding = 4; lastKnownFileType = sourcecode.c.objc; path = SundayProgramTableViewController.m; sourceTree = "<group>"; };
		1E573DE71B1C69AD00690BB7 /* tonder-festival-toplogo.png */ = {isa = PBXFileReference; lastKnownFileType = image.png; path = "tonder-festival-toplogo.png"; sourceTree = "<group>"; };
		1E573DEB1B1C6C5A00690BB7 /* Background.png */ = {isa = PBXFileReference; lastKnownFileType = image.png; path = Background.png; sourceTree = "<group>"; };
		1E7EBD371AF00E5500604071 /* face.png */ = {isa = PBXFileReference; lastKnownFileType = image.png; name = face.png; path = ../../images/face.png; sourceTree = "<group>"; };
		1E7EBD381AF00E5500604071 /* insta.png */ = {isa = PBXFileReference; lastKnownFileType = image.png; name = insta.png; path = ../../images/insta.png; sourceTree = "<group>"; };
		1E7EBD391AF00E5500604071 /* twit.png */ = {isa = PBXFileReference; lastKnownFileType = image.png; name = twit.png; path = ../../images/twit.png; sourceTree = "<group>"; };
		1E7EBD3D1AF010DD00604071 /* SpotifyViewController.h */ = {isa = PBXFileReference; fileEncoding = 4; lastKnownFileType = sourcecode.c.h; path = SpotifyViewController.h; sourceTree = "<group>"; };
		1E7EBD3E1AF010DD00604071 /* SpotifyViewController.m */ = {isa = PBXFileReference; fileEncoding = 4; lastKnownFileType = sourcecode.c.objc; path = SpotifyViewController.m; sourceTree = "<group>"; };
		1E7EBD521AF0227200604071 /* infotext.png */ = {isa = PBXFileReference; lastKnownFileType = image.png; name = infotext.png; path = ../../images/infotext.png; sourceTree = "<group>"; };
		1E7EBD531AF0227200604071 /* korttext.png */ = {isa = PBXFileReference; lastKnownFileType = image.png; name = korttext.png; path = ../../images/korttext.png; sourceTree = "<group>"; };
		1E7EBD541AF0227200604071 /* kunstneretext.png */ = {isa = PBXFileReference; lastKnownFileType = image.png; name = kunstneretext.png; path = ../../images/kunstneretext.png; sourceTree = "<group>"; };
		1E7EBD551AF0227200604071 /* madtext.png */ = {isa = PBXFileReference; lastKnownFileType = image.png; name = madtext.png; path = ../../images/madtext.png; sourceTree = "<group>"; };
		1E7EBD561AF0227200604071 /* newstext.png */ = {isa = PBXFileReference; lastKnownFileType = image.png; name = newstext.png; path = ../../images/newstext.png; sourceTree = "<group>"; };
		1E7EBD571AF0227200604071 /* Programtext.png */ = {isa = PBXFileReference; lastKnownFileType = image.png; name = Programtext.png; path = ../../images/Programtext.png; sourceTree = "<group>"; };
		1E7EBD581AF0227200604071 /* smiletext.png */ = {isa = PBXFileReference; lastKnownFileType = image.png; name = smiletext.png; path = ../../images/smiletext.png; sourceTree = "<group>"; };
		1E7EBD591AF0227200604071 /* Spotifytext.png */ = {isa = PBXFileReference; lastKnownFileType = image.png; name = Spotifytext.png; path = ../../images/Spotifytext.png; sourceTree = "<group>"; };
		1E826CDF1B591E5500157B97 /* Billetter.png */ = {isa = PBXFileReference; lastKnownFileType = image.png; name = Billetter.png; path = ../../images/Billetter.png; sourceTree = "<group>"; };
		1E826CE11B591E9F00157B97 /* BilleterViewController.h */ = {isa = PBXFileReference; fileEncoding = 4; lastKnownFileType = sourcecode.c.h; path = BilleterViewController.h; sourceTree = "<group>"; };
		1E826CE21B591E9F00157B97 /* BilleterViewController.m */ = {isa = PBXFileReference; fileEncoding = 4; lastKnownFileType = sourcecode.c.objc; path = BilleterViewController.m; sourceTree = "<group>"; };
		1E826CE41B594D5500157B97 /* SponsorTableViewController.h */ = {isa = PBXFileReference; fileEncoding = 4; lastKnownFileType = sourcecode.c.h; path = SponsorTableViewController.h; sourceTree = "<group>"; };
		1E826CE51B594D5500157B97 /* SponsorTableViewController.m */ = {isa = PBXFileReference; fileEncoding = 4; lastKnownFileType = sourcecode.c.objc; path = SponsorTableViewController.m; sourceTree = "<group>"; };
		1EBF76D11ADEF6D6006517BE /* MenuViewController.h */ = {isa = PBXFileReference; fileEncoding = 4; lastKnownFileType = sourcecode.c.h; path = MenuViewController.h; sourceTree = "<group>"; };
		1EBF76D21ADEF6D6006517BE /* MenuViewController.m */ = {isa = PBXFileReference; fileEncoding = 4; lastKnownFileType = sourcecode.c.objc; path = MenuViewController.m; sourceTree = "<group>"; };
		1EBF76D41ADEF84C006517BE /* KunstnerViewController.h */ = {isa = PBXFileReference; fileEncoding = 4; lastKnownFileType = sourcecode.c.h; path = KunstnerViewController.h; sourceTree = "<group>"; };
		1EBF76D51ADEF84C006517BE /* KunstnerViewController.m */ = {isa = PBXFileReference; fileEncoding = 4; lastKnownFileType = sourcecode.c.objc; path = KunstnerViewController.m; sourceTree = "<group>"; };
		1EC66F7D1B298DFB0053E62A /* festivalspladsmap.png */ = {isa = PBXFileReference; lastKnownFileType = image.png; name = festivalspladsmap.png; path = ../../images/festivalspladsmap.png; sourceTree = "<group>"; };
		1EC66F7F1B2A13430053E62A /* 27.png */ = {isa = PBXFileReference; lastKnownFileType = image.png; name = 27.png; path = ../../../../../Downloads/27.png; sourceTree = "<group>"; };
		1EC66F811B2A18150053E62A /* 28.png */ = {isa = PBXFileReference; lastKnownFileType = image.png; name = 28.png; path = ../../../../../Downloads/28.png; sourceTree = "<group>"; };
		1EC66F831B2A187F0053E62A /* 29.png */ = {isa = PBXFileReference; lastKnownFileType = image.png; name = 29.png; path = ../../../../../Downloads/29.png; sourceTree = "<group>"; };
		1EC66F851B2A1A280053E62A /* 30.png */ = {isa = PBXFileReference; lastKnownFileType = image.png; name = 30.png; path = ../../../../../Downloads/30.png; sourceTree = "<group>"; };
		1EC66F871B2AD1700053E62A /* InfoTableViewController.h */ = {isa = PBXFileReference; fileEncoding = 4; lastKnownFileType = sourcecode.c.h; path = InfoTableViewController.h; sourceTree = "<group>"; };
		1EC66F881B2AD1700053E62A /* InfoTableViewController.m */ = {isa = PBXFileReference; fileEncoding = 4; lastKnownFileType = sourcecode.c.objc; path = InfoTableViewController.m; sourceTree = "<group>"; };
		1EC66F8A1B2AD7590053E62A /* MadTableViewController.h */ = {isa = PBXFileReference; fileEncoding = 4; lastKnownFileType = sourcecode.c.h; path = MadTableViewController.h; sourceTree = "<group>"; };
		1EC66F8B1B2AD7590053E62A /* MadTableViewController.m */ = {isa = PBXFileReference; fileEncoding = 4; lastKnownFileType = sourcecode.c.objc; path = MadTableViewController.m; sourceTree = "<group>"; };
		1EDAB4F91B1F2D110016C76B /* APPDetailViewController.h */ = {isa = PBXFileReference; fileEncoding = 4; lastKnownFileType = sourcecode.c.h; path = APPDetailViewController.h; sourceTree = "<group>"; };
		1EDAB4FA1B1F2D110016C76B /* APPDetailViewController.m */ = {isa = PBXFileReference; fileEncoding = 4; lastKnownFileType = sourcecode.c.objc; path = APPDetailViewController.m; sourceTree = "<group>"; };
		1EDAB4FB1B1F2D110016C76B /* APPMasterViewController.h */ = {isa = PBXFileReference; fileEncoding = 4; lastKnownFileType = sourcecode.c.h; path = APPMasterViewController.h; sourceTree = "<group>"; };
		1EDAB4FC1B1F2D110016C76B /* APPMasterViewController.m */ = {isa = PBXFileReference; fileEncoding = 4; lastKnownFileType = sourcecode.c.objc; path = APPMasterViewController.m; sourceTree = "<group>"; };
		1EDAB4FF1B1F2D810016C76B /* test.png */ = {isa = PBXFileReference; lastKnownFileType = image.png; name = test.png; path = ../../images/test.png; sourceTree = "<group>"; };
		1EEE6D5C1B4D635C00DD9615 /* EventDKTableViewController.h */ = {isa = PBXFileReference; fileEncoding = 4; lastKnownFileType = sourcecode.c.h; path = EventDKTableViewController.h; sourceTree = "<group>"; };
		1EEE6D5D1B4D635C00DD9615 /* EventDKTableViewController.m */ = {isa = PBXFileReference; fileEncoding = 4; lastKnownFileType = sourcecode.c.objc; path = EventDKTableViewController.m; sourceTree = "<group>"; };
/* End PBXFileReference section */

/* Begin PBXFrameworksBuildPhase section */
		1E2306DE1ADED50D00D79524 /* Frameworks */ = {
			isa = PBXFrameworksBuildPhase;
			buildActionMask = 2147483647;
			files = (
			);
			runOnlyForDeploymentPostprocessing = 0;
		};
		1E2306F71ADED50D00D79524 /* Frameworks */ = {
			isa = PBXFrameworksBuildPhase;
			buildActionMask = 2147483647;
			files = (
			);
			runOnlyForDeploymentPostprocessing = 0;
		};
/* End PBXFrameworksBuildPhase section */

/* Begin PBXGroup section */
		1E1C43F91B1DCEB100BF1734 /* Prototyping */ = {
			isa = PBXGroup;
			children = (
				1E2B6E521B1C8C2A001BFEF4 /* SpotifyLogo.png */,
				1E7EBD381AF00E5500604071 /* insta.png */,
				1E7EBD391AF00E5500604071 /* twit.png */,
				1E7EBD371AF00E5500604071 /* face.png */,
			);
			name = Prototyping;
			sourceTree = "<group>";
		};
		1E1C43FA1B1DCECC00BF1734 /* Icons */ = {
			isa = PBXGroup;
			children = (
				1EC66F851B2A1A280053E62A /* 30.png */,
				1EC66F831B2A187F0053E62A /* 29.png */,
				1EC66F811B2A18150053E62A /* 28.png */,
				1EC66F7F1B2A13430053E62A /* 27.png */,
				1E7EBD521AF0227200604071 /* infotext.png */,
				1E7EBD541AF0227200604071 /* kunstneretext.png */,
				1E7EBD551AF0227200604071 /* madtext.png */,
				1E7EBD571AF0227200604071 /* Programtext.png */,
				1E7EBD561AF0227200604071 /* newstext.png */,
				1E7EBD581AF0227200604071 /* smiletext.png */,
				1E7EBD591AF0227200604071 /* Spotifytext.png */,
				1E7EBD531AF0227200604071 /* korttext.png */,
			);
			name = Icons;
			sourceTree = "<group>";
		};
		1E1C43FB1B1DCEEF00BF1734 /* TFLoger */ = {
			isa = PBXGroup;
			children = (
				1E1C43FF1B1DCFBC00BF1734 /* Hand Made logo.png */,
				1E573DE71B1C69AD00690BB7 /* tonder-festival-toplogo.png */,
			);
			name = TFLoger;
			sourceTree = "<group>";
		};
		1E1C43FC1B1DCF5B00BF1734 /* Madsteder */ = {
			isa = PBXGroup;
			children = (
				1E4730C91B53F01300E09C2E /* Blues.png */,
				1E4730CB1B53F38200E09C2E /* Hemmelige.png */,
				1E4730B51B53E89500E09C2E /* Cafe.png */,
				1E4730CD1B53F55B00E09C2E /* Fish.png */,
				1E4730CF1B53F5DF00E09C2E /* Fur.png */,
				1E4730D11B53F73100E09C2E /* Gris.png */,
				1E4730B71B53E89500E09C2E /* Green.png */,
				1E4730B81B53E89500E09C2E /* Kuppen.png */,
				1E4730D31B53FCB500E09C2E /* Mormor.png */,
				1E4730D51B53FDB700E09C2E /* pandekage.png */,
				1E4730BA1B53E89500E09C2E /* Pølse.png */,
				1E4730BB1B53E89500E09C2E /* Rom.png */,
				1E4730D71B53FF8F00E09C2E /* Schackenborg.png */,
				1E4730BC1B53E89500E09C2E /* SOS.png */,
				1E4730D91B540BE800E09C2E /* Vadehavs.png */,
				1E4730BD1B53E89500E09C2E /* Vaffelbod.png */,
				1E4730B31B53DF8E00E09C2E /* vinotek.png */,
				1E4730BE1B53E89500E09C2E /* wok.png */,
				1E4730B91B53E89500E09C2E /* Øl.png */,
				1E420C0E1AE2896100E96552 /* Spejl.png */,
			);
			name = Madsteder;
			sourceTree = "<group>";
		};
		1E1C43FD1B1DCF6900BF1734 /* Kunstnere */ = {
			isa = PBXGroup;
			children = (
				1E184AEC1B25D0A3000F337C /* Adam Holmes and The Embers.png */,
				1E184AED1B25D0A3000F337C /* Allan Taylor.png */,
				1E184AEE1B25D0A3000F337C /* Band Battle New Orleans Style.png */,
				1E184AEF1B25D0A3000F337C /* Bellowhead.png */,
				1E184AF01B25D0A3000F337C /* Chris Smither.png */,
				1E184AF11B25D0A3000F337C /* Danú.png */,
				1E184AF21B25D0A3000F337C /* Dreamers' Circus & The Danish String Quartet.png */,
				1E184AF31B25D0A3000F337C /* Eleanor Shanley.png */,
				1E184AF41B25D0A3000F337C /* Fanø:Cape Breton Night.png */,
				1E184AF51B25D0A3000F337C /* Fara.png */,
				1E184AF61B25D0A3000F337C /* folkBALTICA Ensemble.png */,
				1E184AF71B25D0A3000F337C /* Folkeklubben.png */,
				1E184AF81B25D0A3000F337C /* FolkSpot.png */,
				1E184AF91B25D0A3000F337C /* Greg Russell og Ciaran Algar.png */,
				1E184AFA1B25D0A3000F337C /* Hans Theessink.png */,
				1E184AFB1B25D0A3000F337C /* Hayseed Dixie.png */,
				1E184AFC1B25D0A3000F337C /* Helene Blum & Harald Haugaard Band.png */,
				1E184AFD1B25D0A3000F337C /* Hot Rize.png */,
				1E184AFE1B25D0A3000F337C /* Jacob Dinesen.png */,
				1E184AFF1B25D0A3000F337C /* John Prine.png */,
				1E184B001B25D0A3000F337C /* Jonah Blacksmith.png */,
				1E184B011B25D0A3000F337C /* Kathryn Tickell & The Side.png */,
				1E184B021B25D0A3000F337C /* Kepa Junkera.png */,
				1E184B031B25D0A3000F337C /* King James & The Special Men.png */,
				1E184B041B25D0A3000F337C /* La Bottine Souriante.png */,
				1E184B051B25D0A3000F337C /* Lynn Miles.png */,
				1E184B061B25D0A3000F337C /* Maja & David.png */,
				1E184B071B25D0A3000F337C /* Mames Babegenush.png */,
				1E184B081B25D0A3000F337C /* Mánran.png */,
				1E184B091B25D0A3000F337C /* Mary Gauthier.png */,
				1E184B0A1B25D0A3000F337C /* Meschiya Lake & The Little Big Horns.png */,
				1E184B0B1B25D0A3000F337C /* Mike Andersen.png */,
				1E184B0C1B25D0A3000F337C /* Niels Hausgaard med gæster.png */,
				1E184B0D1B25D0A3000F337C /* Poul Krebs & venner.png */,
				1E184B0E1B25D0A3000F337C /* Richard J. Dobson.png */,
				1E184B0F1B25D0A3000F337C /* Richard Thompson.png */,
				1E184B101B25D0A3000F337C /* ROD.png */,
				1E184B111B25D0A3000F337C /* Ron Kavana.png */,
				1E184B121B25D0A3000F337C /* Rura.png */,
				1E184B131B25D0A3000F337C /* Sheesham, Lotus & ´Son.png */,
				1E184B141B25D0A3000F337C /* Skerryvore.png */,
				1E184B151B25D0A3000F337C /* Spiro.png */,
				1E184B161B25D0A3000F337C /* Sturgill Simpson.png */,
				1E184B171B25D0A3000F337C /* Ten Strings And A Goat Skin.png */,
				1E184B181B25D0A3000F337C /* The Barra MacNeils.png */,
				1E184B191B25D0A3000F337C /* The Bros Landreth.png */,
				1E184B1A1B25D0A3000F337C /* The East Pointers.png */,
				1E184B1B1B25D0A3000F337C /* The Great Malarkey.png */,
				1E184B1C1B25D0A3000F337C /* The Hot Seats.png */,
				1E184B1D1B25D0A3000F337C /* The Lone Bellow.png */,
				1E184B1E1B25D0A3000F337C /* The Sexican.png */,
				1E184B1F1B25D0A3000F337C /* The Stray Birds.png */,
				1E184B201B25D0A3000F337C /* The Wailin' Jennys.png */,
				1E184B211B25D0A4000F337C /* The Wood Brothers.png */,
				1E184B221B25D0A4000F337C /* Three Tall Pines.png */,
				1E184B231B25D0A4000F337C /* Townes Van Zandt Tribute.png */,
				1E184B241B25D0A4000F337C /* Usher's Island.png */,
			);
			name = Kunstnere;
			sourceTree = "<group>";
		};
		1E1C43FE1B1DCF7300BF1734 /* Flag */ = {
			isa = PBXGroup;
			children = (
				1E1C45191B1DF2E200BF1734 /* dk.png */,
				1E1C451B1B1DF31D00BF1734 /* tysk.png */,
				1E1C451D1B1DF36A00BF1734 /* uk.png */,
			);
			name = Flag;
			sourceTree = "<group>";
		};
		1E2306D81ADED50D00D79524 = {
			isa = PBXGroup;
			children = (
				1E2306E31ADED50D00D79524 /* ToenderFestival */,
				1E2306FD1ADED50D00D79524 /* ToenderFestivalTests */,
				1E2306E21ADED50D00D79524 /* Products */,
			);
			sourceTree = "<group>";
		};
		1E2306E21ADED50D00D79524 /* Products */ = {
			isa = PBXGroup;
			children = (
				1E2306E11ADED50D00D79524 /* ToenderFestival.app */,
				1E2306FA1ADED50D00D79524 /* ToenderFestivalTests.xctest */,
			);
			name = Products;
			sourceTree = "<group>";
		};
		1E2306E31ADED50D00D79524 /* ToenderFestival */ = {
			isa = PBXGroup;
			children = (
				1E2306E81ADED50D00D79524 /* AppDelegate.h */,
				1E2306E91ADED50D00D79524 /* AppDelegate.m */,
				1E23070A1ADED7CD00D79524 /* ChooseLanguageViewController.h */,
				1E23070B1ADED7CD00D79524 /* ChooseLanguageViewController.m */,
				1E2BFC211ADFE96A007F50A4 /* KortViewController.h */,
				1E2BFC221ADFE96A007F50A4 /* KortViewController.m */,
				1EBF76D41ADEF84C006517BE /* KunstnerViewController.h */,
				1EBF76D51ADEF84C006517BE /* KunstnerViewController.m */,
				1EBF76D11ADEF6D6006517BE /* MenuViewController.h */,
				1EBF76D21ADEF6D6006517BE /* MenuViewController.m */,
				1E2BFC1E1ADFDB6B007F50A4 /* KunstnerTableViewController.h */,
				1E2BFC1F1ADFDB6B007F50A4 /* KunstnerTableViewController.m */,
				1EC66F871B2AD1700053E62A /* InfoTableViewController.h */,
				1EC66F881B2AD1700053E62A /* InfoTableViewController.m */,
				1E826CE41B594D5500157B97 /* SponsorTableViewController.h */,
				1E826CE51B594D5500157B97 /* SponsorTableViewController.m */,
				1EC66F8A1B2AD7590053E62A /* MadTableViewController.h */,
				1EC66F8B1B2AD7590053E62A /* MadTableViewController.m */,
				1EEE6D5C1B4D635C00DD9615 /* EventDKTableViewController.h */,
				1EEE6D5D1B4D635C00DD9615 /* EventDKTableViewController.m */,
				1EDAB4F91B1F2D110016C76B /* APPDetailViewController.h */,
				1EDAB4FA1B1F2D110016C76B /* APPDetailViewController.m */,
				1EDAB4FB1B1F2D110016C76B /* APPMasterViewController.h */,
				1EDAB4FC1B1F2D110016C76B /* APPMasterViewController.m */,
				1E7EBD3D1AF010DD00604071 /* SpotifyViewController.h */,
				1E7EBD3E1AF010DD00604071 /* SpotifyViewController.m */,
				1E826CE11B591E9F00157B97 /* BilleterViewController.h */,
				1E826CE21B591E9F00157B97 /* BilleterViewController.m */,
				1E2306EE1ADED50D00D79524 /* Main.storyboard */,
				1E184AE91B258F90000F337C /* ThursdayProgramTableViewController.h */,
				1E184AEA1B258F90000F337C /* ThursdayProgramTableViewController.m */,
				1E5157171B283EFC00763BDB /* FridayProgramTableViewController.h */,
				1E5157181B283EFC00763BDB /* FridayProgramTableViewController.m */,
				1E51571A1B285D3200763BDB /* SaturdayProgramTableViewController.h */,
				1E51571B1B285D3200763BDB /* SaturdayProgramTableViewController.m */,
				1E51571D1B285D4000763BDB /* SundayProgramTableViewController.h */,
				1E51571E1B285D4000763BDB /* SundayProgramTableViewController.m */,
				1E2306F11ADED50D00D79524 /* Images.xcassets */,
				1E2306F31ADED50D00D79524 /* LaunchScreen.xib */,
				1E2307131ADEDFE900D79524 /* images */,
				1E2306E41ADED50D00D79524 /* Supporting Files */,
			);
			path = ToenderFestival;
			sourceTree = "<group>";
		};
		1E2306E41ADED50D00D79524 /* Supporting Files */ = {
			isa = PBXGroup;
			children = (
				1E2306E51ADED50D00D79524 /* Info.plist */,
				1E2306E61ADED50D00D79524 /* main.m */,
			);
			name = "Supporting Files";
			sourceTree = "<group>";
		};
		1E2306FD1ADED50D00D79524 /* ToenderFestivalTests */ = {
			isa = PBXGroup;
			children = (
				1E2307001ADED50D00D79524 /* ToenderFestivalTests.m */,
				1E2306FE1ADED50D00D79524 /* Supporting Files */,
			);
			path = ToenderFestivalTests;
			sourceTree = "<group>";
		};
		1E2306FE1ADED50D00D79524 /* Supporting Files */ = {
			isa = PBXGroup;
			children = (
				1E2306FF1ADED50D00D79524 /* Info.plist */,
			);
			name = "Supporting Files";
			sourceTree = "<group>";
		};
		1E2307131ADEDFE900D79524 /* images */ = {
			isa = PBXGroup;
			children = (
				1E826CDF1B591E5500157B97 /* Billetter.png */,
				1E1C43FB1B1DCEEF00BF1734 /* TFLoger */,
				1E1C43FA1B1DCECC00BF1734 /* Icons */,
				1E1C43F91B1DCEB100BF1734 /* Prototyping */,
				1E573DEB1B1C6C5A00690BB7 /* Background.png */,
				1E27DEFF1B4E9C4A0090F96C /* Vest.png */,
				1EC66F7D1B298DFB0053E62A /* festivalspladsmap.png */,
				1EDAB4FF1B1F2D810016C76B /* test.png */,
				1E1C43FC1B1DCF5B00BF1734 /* Madsteder */,
				1E1C43FD1B1DCF6900BF1734 /* Kunstnere */,
				1E1C43FE1B1DCF7300BF1734 /* Flag */,
			);
			name = images;
			sourceTree = "<group>";
		};
/* End PBXGroup section */

/* Begin PBXNativeTarget section */
		1E2306E01ADED50D00D79524 /* ToenderFestival */ = {
			isa = PBXNativeTarget;
			buildConfigurationList = 1E2307041ADED50D00D79524 /* Build configuration list for PBXNativeTarget "ToenderFestival" */;
			buildPhases = (
				1E2306DD1ADED50D00D79524 /* Sources */,
				1E2306DE1ADED50D00D79524 /* Frameworks */,
				1E2306DF1ADED50D00D79524 /* Resources */,
			);
			buildRules = (
			);
			dependencies = (
			);
			name = ToenderFestival;
			productName = ToenderFestival;
			productReference = 1E2306E11ADED50D00D79524 /* ToenderFestival.app */;
			productType = "com.apple.product-type.application";
		};
		1E2306F91ADED50D00D79524 /* ToenderFestivalTests */ = {
			isa = PBXNativeTarget;
			buildConfigurationList = 1E2307071ADED50D00D79524 /* Build configuration list for PBXNativeTarget "ToenderFestivalTests" */;
			buildPhases = (
				1E2306F61ADED50D00D79524 /* Sources */,
				1E2306F71ADED50D00D79524 /* Frameworks */,
				1E2306F81ADED50D00D79524 /* Resources */,
			);
			buildRules = (
			);
			dependencies = (
				1E2306FC1ADED50D00D79524 /* PBXTargetDependency */,
			);
			name = ToenderFestivalTests;
			productName = ToenderFestivalTests;
			productReference = 1E2306FA1ADED50D00D79524 /* ToenderFestivalTests.xctest */;
			productType = "com.apple.product-type.bundle.unit-test";
		};
/* End PBXNativeTarget section */

/* Begin PBXProject section */
		1E2306D91ADED50D00D79524 /* Project object */ = {
			isa = PBXProject;
			attributes = {
				LastUpgradeCheck = 0630;
				ORGANIZATIONNAME = "Henrik Schulz";
				TargetAttributes = {
					1E2306E01ADED50D00D79524 = {
						CreatedOnToolsVersion = 6.3;
						DevelopmentTeam = 2A6MVL3A92;
					};
					1E2306F91ADED50D00D79524 = {
						CreatedOnToolsVersion = 6.3;
						TestTargetID = 1E2306E01ADED50D00D79524;
					};
				};
			};
			buildConfigurationList = 1E2306DC1ADED50D00D79524 /* Build configuration list for PBXProject "ToenderFestival" */;
			compatibilityVersion = "Xcode 3.2";
			developmentRegion = English;
			hasScannedForEncodings = 0;
			knownRegions = (
				en,
				Base,
			);
			mainGroup = 1E2306D81ADED50D00D79524;
			productRefGroup = 1E2306E21ADED50D00D79524 /* Products */;
			projectDirPath = "";
			projectRoot = "";
			targets = (
				1E2306E01ADED50D00D79524 /* ToenderFestival */,
				1E2306F91ADED50D00D79524 /* ToenderFestivalTests */,
			);
		};
/* End PBXProject section */

/* Begin PBXResourcesBuildPhase section */
		1E2306DF1ADED50D00D79524 /* Resources */ = {
			isa = PBXResourcesBuildPhase;
			buildActionMask = 2147483647;
			files = (
				1E184B2C1B25D0A4000F337C /* Eleanor Shanley.png in Resources */,
				1E4730C31B53E89500E09C2E /* Øl.png in Resources */,
				1E184B281B25D0A4000F337C /* Bellowhead.png in Resources */,
				1E4730C81B53E89500E09C2E /* wok.png in Resources */,
				1EC66F7E1B298DFB0053E62A /* festivalspladsmap.png in Resources */,
				1E184B4D1B25D0A4000F337C /* Skerryvore.png in Resources */,
				1E573DE81B1C69AD00690BB7 /* tonder-festival-toplogo.png in Resources */,
				1E184B5B1B25D0A4000F337C /* Three Tall Pines.png in Resources */,
				1E184B451B25D0A4000F337C /* Niels Hausgaard med gæster.png in Resources */,
				1E184B511B25D0A4000F337C /* The Barra MacNeils.png in Resources */,
				1EC66F821B2A18150053E62A /* 28.png in Resources */,
				1E184B591B25D0A4000F337C /* The Wailin' Jennys.png in Resources */,
				1E184B2E1B25D0A4000F337C /* Fara.png in Resources */,
				1E184B3A1B25D0A4000F337C /* Kathryn Tickell & The Side.png in Resources */,
				1E4730C61B53E89500E09C2E /* SOS.png in Resources */,
				1E7EBD5D1AF0227200604071 /* madtext.png in Resources */,
				1E184B401B25D0A4000F337C /* Mames Babegenush.png in Resources */,
				1E2306F01ADED50D00D79524 /* Main.storyboard in Resources */,
				1E184B541B25D0A4000F337C /* The Great Malarkey.png in Resources */,
				1E184B381B25D0A4000F337C /* John Prine.png in Resources */,
				1E27DF001B4E9C4A0090F96C /* Vest.png in Resources */,
				1E184B391B25D0A4000F337C /* Jonah Blacksmith.png in Resources */,
				1E4730D41B53FCB500E09C2E /* Mormor.png in Resources */,
				1E4730C11B53E89500E09C2E /* Green.png in Resources */,
				1E184B461B25D0A4000F337C /* Poul Krebs & venner.png in Resources */,
				1E184B271B25D0A4000F337C /* Band Battle New Orleans Style.png in Resources */,
				1E4730B41B53DF8E00E09C2E /* vinotek.png in Resources */,
				1E1C451C1B1DF31D00BF1734 /* tysk.png in Resources */,
				1E184B4F1B25D0A4000F337C /* Sturgill Simpson.png in Resources */,
				1E184B5C1B25D0A4000F337C /* Townes Van Zandt Tribute.png in Resources */,
				1E184B261B25D0A4000F337C /* Allan Taylor.png in Resources */,
				1E4730BF1B53E89500E09C2E /* Cafe.png in Resources */,
				1E184B251B25D0A4000F337C /* Adam Holmes and The Embers.png in Resources */,
				1E4730C51B53E89500E09C2E /* Rom.png in Resources */,
				1E4730CA1B53F01300E09C2E /* Blues.png in Resources */,
				1EDAB5001B1F2D810016C76B /* test.png in Resources */,
				1E184B311B25D0A4000F337C /* FolkSpot.png in Resources */,
				1E2306F51ADED50D00D79524 /* LaunchScreen.xib in Resources */,
				1E184B371B25D0A4000F337C /* Jacob Dinesen.png in Resources */,
				1E573DEC1B1C6C5A00690BB7 /* Background.png in Resources */,
				1E184B3D1B25D0A4000F337C /* La Bottine Souriante.png in Resources */,
				1E2306F21ADED50D00D79524 /* Images.xcassets in Resources */,
				1E4730C21B53E89500E09C2E /* Kuppen.png in Resources */,
				1E1C44001B1DCFBC00BF1734 /* Hand Made logo.png in Resources */,
				1E4730C71B53E89500E09C2E /* Vaffelbod.png in Resources */,
				1E184B331B25D0A4000F337C /* Hans Theessink.png in Resources */,
				1E4730C41B53E89500E09C2E /* Pølse.png in Resources */,
				1E184B4A1B25D0A4000F337C /* Ron Kavana.png in Resources */,
				1E184B4B1B25D0A4000F337C /* Rura.png in Resources */,
				1EC66F841B2A187F0053E62A /* 29.png in Resources */,
				1E4730D01B53F5DF00E09C2E /* Fur.png in Resources */,
				1E184B561B25D0A4000F337C /* The Lone Bellow.png in Resources */,
				1E184B361B25D0A4000F337C /* Hot Rize.png in Resources */,
				1E184B341B25D0A4000F337C /* Hayseed Dixie.png in Resources */,
				1E7EBD3A1AF00E5500604071 /* face.png in Resources */,
				1E184B431B25D0A4000F337C /* Meschiya Lake & The Little Big Horns.png in Resources */,
				1E184B531B25D0A4000F337C /* The East Pointers.png in Resources */,
				1E184B2F1B25D0A4000F337C /* folkBALTICA Ensemble.png in Resources */,
				1E184B411B25D0A4000F337C /* Mánran.png in Resources */,
				1E420C101AE2896100E96552 /* Spejl.png in Resources */,
				1E184B421B25D0A4000F337C /* Mary Gauthier.png in Resources */,
				1E184B551B25D0A4000F337C /* The Hot Seats.png in Resources */,
				1E7EBD5C1AF0227200604071 /* kunstneretext.png in Resources */,
				1E184B351B25D0A4000F337C /* Helene Blum & Harald Haugaard Band.png in Resources */,
				1EC66F861B2A1A280053E62A /* 30.png in Resources */,
				1E184B441B25D0A4000F337C /* Mike Andersen.png in Resources */,
				1E184B3F1B25D0A4000F337C /* Maja & David.png in Resources */,
				1E184B4C1B25D0A4000F337C /* Sheesham, Lotus & ´Son.png in Resources */,
				1E7EBD5A1AF0227200604071 /* infotext.png in Resources */,
				1E4730D81B53FF8F00E09C2E /* Schackenborg.png in Resources */,
				1E184B521B25D0A4000F337C /* The Bros Landreth.png in Resources */,
				1E1C451A1B1DF2E200BF1734 /* dk.png in Resources */,
				1E4730CC1B53F38200E09C2E /* Hemmelige.png in Resources */,
				1E7EBD5B1AF0227200604071 /* korttext.png in Resources */,
				1E7EBD611AF0227200604071 /* Spotifytext.png in Resources */,
				1E184B501B25D0A4000F337C /* Ten Strings And A Goat Skin.png in Resources */,
				1E1C451E1B1DF36A00BF1734 /* uk.png in Resources */,
				1E184B291B25D0A4000F337C /* Chris Smither.png in Resources */,
				1E184B5A1B25D0A4000F337C /* The Wood Brothers.png in Resources */,
				1EC66F801B2A13430053E62A /* 27.png in Resources */,
				1E184B481B25D0A4000F337C /* Richard Thompson.png in Resources */,
				1E184B2B1B25D0A4000F337C /* Dreamers' Circus & The Danish String Quartet.png in Resources */,
				1E184B3B1B25D0A4000F337C /* Kepa Junkera.png in Resources */,
				1E4730DA1B540BE800E09C2E /* Vadehavs.png in Resources */,
				1E184B3E1B25D0A4000F337C /* Lynn Miles.png in Resources */,
				1E184B2A1B25D0A4000F337C /* Danú.png in Resources */,
				1E7EBD3C1AF00E5500604071 /* twit.png in Resources */,
				1E7EBD3B1AF00E5500604071 /* insta.png in Resources */,
				1E184B3C1B25D0A4000F337C /* King James & The Special Men.png in Resources */,
				1E184B491B25D0A4000F337C /* ROD.png in Resources */,
				1E7EBD5F1AF0227200604071 /* Programtext.png in Resources */,
				1E2B6E531B1C8C2A001BFEF4 /* SpotifyLogo.png in Resources */,
				1E4730D21B53F73100E09C2E /* Gris.png in Resources */,
				1E826CE01B591E5500157B97 /* Billetter.png in Resources */,
				1E184B5D1B25D0A4000F337C /* Usher's Island.png in Resources */,
				1E184B4E1B25D0A4000F337C /* Spiro.png in Resources */,
				1E7EBD5E1AF0227200604071 /* newstext.png in Resources */,
				1E184B321B25D0A4000F337C /* Greg Russell og Ciaran Algar.png in Resources */,
				1E4730D61B53FDB700E09C2E /* pandekage.png in Resources */,
				1E184B571B25D0A4000F337C /* The Sexican.png in Resources */,
				1E7EBD601AF0227200604071 /* smiletext.png in Resources */,
				1E184B2D1B25D0A4000F337C /* Fanø:Cape Breton Night.png in Resources */,
				1E184B471B25D0A4000F337C /* Richard J. Dobson.png in Resources */,
				1E4730CE1B53F55B00E09C2E /* Fish.png in Resources */,
				1E184B581B25D0A4000F337C /* The Stray Birds.png in Resources */,
				1E184B301B25D0A4000F337C /* Folkeklubben.png in Resources */,
			);
			runOnlyForDeploymentPostprocessing = 0;
		};
		1E2306F81ADED50D00D79524 /* Resources */ = {
			isa = PBXResourcesBuildPhase;
			buildActionMask = 2147483647;
			files = (
			);
			runOnlyForDeploymentPostprocessing = 0;
		};
/* End PBXResourcesBuildPhase section */

/* Begin PBXSourcesBuildPhase section */
		1E2306DD1ADED50D00D79524 /* Sources */ = {
			isa = PBXSourcesBuildPhase;
			buildActionMask = 2147483647;
			files = (
				1E2306EA1ADED50D00D79524 /* AppDelegate.m in Sources */,
				1E2BFC201ADFDB6B007F50A4 /* KunstnerTableViewController.m in Sources */,
				1E184AEB1B258F90000F337C /* ThursdayProgramTableViewController.m in Sources */,
				1E826CE31B591E9F00157B97 /* BilleterViewController.m in Sources */,
				1E5157191B283EFC00763BDB /* FridayProgramTableViewController.m in Sources */,
				1E826CE61B594D5500157B97 /* SponsorTableViewController.m in Sources */,
				1E2306E71ADED50D00D79524 /* main.m in Sources */,
				1EC66F891B2AD1700053E62A /* InfoTableViewController.m in Sources */,
				1E23070C1ADED7CD00D79524 /* ChooseLanguageViewController.m in Sources */,
				1E51571F1B285D4000763BDB /* SundayProgramTableViewController.m in Sources */,
				1EEE6D5E1B4D635C00DD9615 /* EventDKTableViewController.m in Sources */,
				1EDAB4FE1B1F2D110016C76B /* APPMasterViewController.m in Sources */,
				1EBF76D31ADEF6D6006517BE /* MenuViewController.m in Sources */,
				1EBF76D61ADEF84C006517BE /* KunstnerViewController.m in Sources */,
				1E2BFC231ADFE96A007F50A4 /* KortViewController.m in Sources */,
				1EC66F8C1B2AD7590053E62A /* MadTableViewController.m in Sources */,
				1E7EBD3F1AF010DD00604071 /* SpotifyViewController.m in Sources */,
				1E51571C1B285D3200763BDB /* SaturdayProgramTableViewController.m in Sources */,
				1EDAB4FD1B1F2D110016C76B /* APPDetailViewController.m in Sources */,
			);
			runOnlyForDeploymentPostprocessing = 0;
		};
		1E2306F61ADED50D00D79524 /* Sources */ = {
			isa = PBXSourcesBuildPhase;
			buildActionMask = 2147483647;
			files = (
				1E2307011ADED50D00D79524 /* ToenderFestivalTests.m in Sources */,
			);
			runOnlyForDeploymentPostprocessing = 0;
		};
/* End PBXSourcesBuildPhase section */

/* Begin PBXTargetDependency section */
		1E2306FC1ADED50D00D79524 /* PBXTargetDependency */ = {
			isa = PBXTargetDependency;
			target = 1E2306E01ADED50D00D79524 /* ToenderFestival */;
			targetProxy = 1E2306FB1ADED50D00D79524 /* PBXContainerItemProxy */;
		};
/* End PBXTargetDependency section */

/* Begin PBXVariantGroup section */
		1E2306EE1ADED50D00D79524 /* Main.storyboard */ = {
			isa = PBXVariantGroup;
			children = (
				1E2306EF1ADED50D00D79524 /* Base */,
			);
			name = Main.storyboard;
			sourceTree = "<group>";
		};
		1E2306F31ADED50D00D79524 /* LaunchScreen.xib */ = {
			isa = PBXVariantGroup;
			children = (
				1E2306F41ADED50D00D79524 /* Base */,
			);
			name = LaunchScreen.xib;
			sourceTree = "<group>";
		};
/* End PBXVariantGroup section */

/* Begin XCBuildConfiguration section */
		1E2307021ADED50D00D79524 /* Debug */ = {
			isa = XCBuildConfiguration;
			buildSettings = {
				ALWAYS_SEARCH_USER_PATHS = NO;
				CLANG_CXX_LANGUAGE_STANDARD = "gnu++0x";
				CLANG_CXX_LIBRARY = "libc++";
				CLANG_ENABLE_MODULES = YES;
				CLANG_ENABLE_OBJC_ARC = YES;
				CLANG_WARN_BOOL_CONVERSION = YES;
				CLANG_WARN_CONSTANT_CONVERSION = YES;
				CLANG_WARN_DIRECT_OBJC_ISA_USAGE = YES_ERROR;
				CLANG_WARN_EMPTY_BODY = YES;
				CLANG_WARN_ENUM_CONVERSION = YES;
				CLANG_WARN_INT_CONVERSION = YES;
				CLANG_WARN_OBJC_ROOT_CLASS = YES_ERROR;
				CLANG_WARN_UNREACHABLE_CODE = YES;
				CLANG_WARN__DUPLICATE_METHOD_MATCH = YES;
				"CODE_SIGN_IDENTITY[sdk=iphoneos*]" = "iPhone Developer";
				COPY_PHASE_STRIP = NO;
				DEBUG_INFORMATION_FORMAT = "dwarf-with-dsym";
				ENABLE_STRICT_OBJC_MSGSEND = YES;
				GCC_C_LANGUAGE_STANDARD = gnu99;
				GCC_DYNAMIC_NO_PIC = NO;
				GCC_NO_COMMON_BLOCKS = YES;
				GCC_OPTIMIZATION_LEVEL = 0;
				GCC_PREPROCESSOR_DEFINITIONS = (
					"DEBUG=1",
					"$(inherited)",
				);
				GCC_SYMBOLS_PRIVATE_EXTERN = NO;
				GCC_WARN_64_TO_32_BIT_CONVERSION = YES;
				GCC_WARN_ABOUT_RETURN_TYPE = YES_ERROR;
				GCC_WARN_UNDECLARED_SELECTOR = YES;
				GCC_WARN_UNINITIALIZED_AUTOS = YES_AGGRESSIVE;
				GCC_WARN_UNUSED_FUNCTION = YES;
				GCC_WARN_UNUSED_VARIABLE = YES;
				IPHONEOS_DEPLOYMENT_TARGET = 8.3;
				MTL_ENABLE_DEBUG_INFO = YES;
				ONLY_ACTIVE_ARCH = YES;
				SDKROOT = iphoneos;
			};
			name = Debug;
		};
		1E2307031ADED50D00D79524 /* Release */ = {
			isa = XCBuildConfiguration;
			buildSettings = {
				ALWAYS_SEARCH_USER_PATHS = NO;
				CLANG_CXX_LANGUAGE_STANDARD = "gnu++0x";
				CLANG_CXX_LIBRARY = "libc++";
				CLANG_ENABLE_MODULES = YES;
				CLANG_ENABLE_OBJC_ARC = YES;
				CLANG_WARN_BOOL_CONVERSION = YES;
				CLANG_WARN_CONSTANT_CONVERSION = YES;
				CLANG_WARN_DIRECT_OBJC_ISA_USAGE = YES_ERROR;
				CLANG_WARN_EMPTY_BODY = YES;
				CLANG_WARN_ENUM_CONVERSION = YES;
				CLANG_WARN_INT_CONVERSION = YES;
				CLANG_WARN_OBJC_ROOT_CLASS = YES_ERROR;
				CLANG_WARN_UNREACHABLE_CODE = YES;
				CLANG_WARN__DUPLICATE_METHOD_MATCH = YES;
				"CODE_SIGN_IDENTITY[sdk=iphoneos*]" = "iPhone Developer";
				COPY_PHASE_STRIP = NO;
				DEBUG_INFORMATION_FORMAT = "dwarf-with-dsym";
				ENABLE_NS_ASSERTIONS = NO;
				ENABLE_STRICT_OBJC_MSGSEND = YES;
				GCC_C_LANGUAGE_STANDARD = gnu99;
				GCC_NO_COMMON_BLOCKS = YES;
				GCC_WARN_64_TO_32_BIT_CONVERSION = YES;
				GCC_WARN_ABOUT_RETURN_TYPE = YES_ERROR;
				GCC_WARN_UNDECLARED_SELECTOR = YES;
				GCC_WARN_UNINITIALIZED_AUTOS = YES_AGGRESSIVE;
				GCC_WARN_UNUSED_FUNCTION = YES;
				GCC_WARN_UNUSED_VARIABLE = YES;
				IPHONEOS_DEPLOYMENT_TARGET = 8.3;
				MTL_ENABLE_DEBUG_INFO = NO;
				SDKROOT = iphoneos;
				VALIDATE_PRODUCT = YES;
			};
			name = Release;
		};
		1E2307051ADED50D00D79524 /* Debug */ = {
			isa = XCBuildConfiguration;
			buildSettings = {
				ASSETCATALOG_COMPILER_APPICON_NAME = AppIcon;
				CODE_SIGN_IDENTITY = "iPhone Developer";
				"CODE_SIGN_IDENTITY[sdk=iphoneos*]" = "iPhone Developer";
				FRAMEWORK_SEARCH_PATHS = (
					"$(inherited)",
					/Users/henrikschulz/Documents/FacebookSDK,
					"$(PROJECT_DIR)",
				);
				INFOPLIST_FILE = ToenderFestival/Info.plist;
				IPHONEOS_DEPLOYMENT_TARGET = 7.1;
				LD_RUNPATH_SEARCH_PATHS = "$(inherited) @executable_path/Frameworks";
				PRODUCT_NAME = "$(TARGET_NAME)";
				PROVISIONING_PROFILE = "";
			};
			name = Debug;
		};
		1E2307061ADED50D00D79524 /* Release */ = {
			isa = XCBuildConfiguration;
			buildSettings = {
				ASSETCATALOG_COMPILER_APPICON_NAME = AppIcon;
				CODE_SIGN_IDENTITY = "iPhone Developer";
				"CODE_SIGN_IDENTITY[sdk=iphoneos*]" = "iPhone Developer";
				FRAMEWORK_SEARCH_PATHS = (
					"$(inherited)",
					/Users/henrikschulz/Documents/FacebookSDK,
					"$(PROJECT_DIR)",
				);
				INFOPLIST_FILE = ToenderFestival/Info.plist;
				IPHONEOS_DEPLOYMENT_TARGET = 7.1;
				LD_RUNPATH_SEARCH_PATHS = "$(inherited) @executable_path/Frameworks";
				PRODUCT_NAME = "$(TARGET_NAME)";
				PROVISIONING_PROFILE = "";
			};
			name = Release;
		};
		1E2307081ADED50D00D79524 /* Debug */ = {
			isa = XCBuildConfiguration;
			buildSettings = {
				BUNDLE_LOADER = "$(TEST_HOST)";
				FRAMEWORK_SEARCH_PATHS = (
					"$(SDKROOT)/Developer/Library/Frameworks",
					"$(inherited)",
				);
				GCC_PREPROCESSOR_DEFINITIONS = (
					"DEBUG=1",
					"$(inherited)",
				);
				INFOPLIST_FILE = ToenderFestivalTests/Info.plist;
				LD_RUNPATH_SEARCH_PATHS = "$(inherited) @executable_path/Frameworks @loader_path/Frameworks";
				PRODUCT_NAME = "$(TARGET_NAME)";
				TEST_HOST = "$(BUILT_PRODUCTS_DIR)/ToenderFestival.app/ToenderFestival";
			};
			name = Debug;
		};
		1E2307091ADED50D00D79524 /* Release */ = {
			isa = XCBuildConfiguration;
			buildSettings = {
				BUNDLE_LOADER = "$(TEST_HOST)";
				FRAMEWORK_SEARCH_PATHS = (
					"$(SDKROOT)/Developer/Library/Frameworks",
					"$(inherited)",
				);
				INFOPLIST_FILE = ToenderFestivalTests/Info.plist;
				LD_RUNPATH_SEARCH_PATHS = "$(inherited) @executable_path/Frameworks @loader_path/Frameworks";
				PRODUCT_NAME = "$(TARGET_NAME)";
				TEST_HOST = "$(BUILT_PRODUCTS_DIR)/ToenderFestival.app/ToenderFestival";
			};
			name = Release;
		};
/* End XCBuildConfiguration section */

/* Begin XCConfigurationList section */
		1E2306DC1ADED50D00D79524 /* Build configuration list for PBXProject "ToenderFestival" */ = {
			isa = XCConfigurationList;
			buildConfigurations = (
				1E2307021ADED50D00D79524 /* Debug */,
				1E2307031ADED50D00D79524 /* Release */,
			);
			defaultConfigurationIsVisible = 0;
			defaultConfigurationName = Release;
		};
		1E2307041ADED50D00D79524 /* Build configuration list for PBXNativeTarget "ToenderFestival" */ = {
			isa = XCConfigurationList;
			buildConfigurations = (
				1E2307051ADED50D00D79524 /* Debug */,
				1E2307061ADED50D00D79524 /* Release */,
			);
			defaultConfigurationIsVisible = 0;
			defaultConfigurationName = Release;
		};
		1E2307071ADED50D00D79524 /* Build configuration list for PBXNativeTarget "ToenderFestivalTests" */ = {
			isa = XCConfigurationList;
			buildConfigurations = (
				1E2307081ADED50D00D79524 /* Debug */,
				1E2307091ADED50D00D79524 /* Release */,
			);
			defaultConfigurationIsVisible = 0;
			defaultConfigurationName = Release;
		};
/* End XCConfigurationList section */
	};
	rootObject = 1E2306D91ADED50D00D79524 /* Project object */;
}
